// !$*UTF8*$!
{
	archiveVersion = 1;
	classes = {
	};
	objectVersion = 55;
	objects = {

/* Begin PBXBuildFile section */
		14D05B49291DE0FF004D5448 /* ChosePackView.swift in Sources */ = {isa = PBXBuildFile; fileRef = 14D05B48291DE0FF004D5448 /* ChosePackView.swift */; };
		72E6DED62919733700B2B644 /* LoginView.swift in Sources */ = {isa = PBXBuildFile; fileRef = 72E6DED52919733700B2B644 /* LoginView.swift */; };
		72E6DEDA29198C4200B2B644 /* RegisterCView.swift in Sources */ = {isa = PBXBuildFile; fileRef = 72E6DED929198C4200B2B644 /* RegisterCView.swift */; };
		72E6DEDC29199F0200B2B644 /* ForgetView.swift in Sources */ = {isa = PBXBuildFile; fileRef = 72E6DEDB29199F0200B2B644 /* ForgetView.swift */; };
		72E6DEDE2919A88C00B2B644 /* ResetCodeView.swift in Sources */ = {isa = PBXBuildFile; fileRef = 72E6DEDD2919A88C00B2B644 /* ResetCodeView.swift */; };
		8809CBE92916A28B0052B31E /* MemorizeApp.swift in Sources */ = {isa = PBXBuildFile; fileRef = 8809CBE82916A28B0052B31E /* MemorizeApp.swift */; };
		8809CBED2916A28D0052B31E /* Assets.xcassets in Resources */ = {isa = PBXBuildFile; fileRef = 8809CBEC2916A28D0052B31E /* Assets.xcassets */; };
		8809CBF02916A28D0052B31E /* Preview Assets.xcassets in Resources */ = {isa = PBXBuildFile; fileRef = 8809CBEF2916A28D0052B31E /* Preview Assets.xcassets */; };
		8809CBF22916A28D0052B31E /* Persistence.swift in Sources */ = {isa = PBXBuildFile; fileRef = 8809CBF12916A28D0052B31E /* Persistence.swift */; };
		8809CBF52916A28D0052B31E /* Memorize.xcdatamodeld in Sources */ = {isa = PBXBuildFile; fileRef = 8809CBF32916A28D0052B31E /* Memorize.xcdatamodeld */; };
		B02863472935439D0065E12F /* NewsModel.swift in Sources */ = {isa = PBXBuildFile; fileRef = B02863462935439D0065E12F /* NewsModel.swift */; };
		B028634C2935467C0065E12F /* NewsViewModel.swift in Sources */ = {isa = PBXBuildFile; fileRef = B028634B2935467C0065E12F /* NewsViewModel.swift */; };
		B029D7902947DBDC00391B1C /* GetByCategorieView.swift in Sources */ = {isa = PBXBuildFile; fileRef = B029D78F2947DBDC00391B1C /* GetByCategorieView.swift */; };
		B0517A662944C05B002E7911 /* ScannerView.swift in Sources */ = {isa = PBXBuildFile; fileRef = B0517A652944C05B002E7911 /* ScannerView.swift */; };
		B05F5AFF293E64AC00A86FB8 /* SigniatureView.swift in Sources */ = {isa = PBXBuildFile; fileRef = B05F5AFE293E64AC00A86FB8 /* SigniatureView.swift */; };
		B05F5B01293EA02300A86FB8 /* RendezVousViewModel.swift in Sources */ = {isa = PBXBuildFile; fileRef = B05F5B00293EA02300A86FB8 /* RendezVousViewModel.swift */; };
		B05F5B03293EA06700A86FB8 /* RendezVousModel.swift in Sources */ = {isa = PBXBuildFile; fileRef = B05F5B02293EA06700A86FB8 /* RendezVousModel.swift */; };
		B063F1F3292BC0020088B3CD /* HomeView.swift in Sources */ = {isa = PBXBuildFile; fileRef = B063F1F2292BC0020088B3CD /* HomeView.swift */; };
		B07970EA291EAEB700E35121 /* EditProfileUView.swift in Sources */ = {isa = PBXBuildFile; fileRef = B07970E9291EAEB700E35121 /* EditProfileUView.swift */; };
		B07970EC291EBD3300E35121 /* ImagePicker.swift in Sources */ = {isa = PBXBuildFile; fileRef = B07970EB291EBD3300E35121 /* ImagePicker.swift */; };
		B09D4C1D29360FCE007F662C /* CaseView.swift in Sources */ = {isa = PBXBuildFile; fileRef = B09D4C1C29360FCE007F662C /* CaseView.swift */; };
		B09D4C1F2936B7D4007F662C /* AddCaseView.swift in Sources */ = {isa = PBXBuildFile; fileRef = B09D4C1E2936B7D4007F662C /* AddCaseView.swift */; };
		B0A1316929310B4100DC690F /* HomeAvocatView.swift in Sources */ = {isa = PBXBuildFile; fileRef = B0A1316829310B4100DC690F /* HomeAvocatView.swift */; };
		B0A131722931609F00DC690F /* SDWebImageSwiftUI in Frameworks */ = {isa = PBXBuildFile; productRef = B0A131712931609F00DC690F /* SDWebImageSwiftUI */; };
		B0A13175293161BC00DC690F /* SwiftyJSON in Frameworks */ = {isa = PBXBuildFile; productRef = B0A13174293161BC00DC690F /* SwiftyJSON */; };
		B0A13177293163EF00DC690F /* CategorieModel.swift in Sources */ = {isa = PBXBuildFile; fileRef = B0A13176293163EF00DC690F /* CategorieModel.swift */; };
		B0A131792931662200DC690F /* CategorieViewModel.swift in Sources */ = {isa = PBXBuildFile; fileRef = B0A131782931662200DC690F /* CategorieViewModel.swift */; };
		B0A1D996291D695B0032C19D /* ProfileView.swift in Sources */ = {isa = PBXBuildFile; fileRef = B0A1D995291D695B0032C19D /* ProfileView.swift */; };
		B0A56B6A2926D7C800A6B137 /* SwiftUIX in Frameworks */ = {isa = PBXBuildFile; productRef = B0A56B692926D7C800A6B137 /* SwiftUIX */; };
		B0A56B6C2926F07E00A6B137 /* RegisterAvocatView.swift in Sources */ = {isa = PBXBuildFile; fileRef = B0A56B6B2926F07E00A6B137 /* RegisterAvocatView.swift */; };
		B0A89CF3291FC41500BB6BEF /* UserModel.swift in Sources */ = {isa = PBXBuildFile; fileRef = B0A89CF2291FC41500BB6BEF /* UserModel.swift */; };
		B0A89CFE291FE2F600BB6BEF /* Alamofire in Frameworks */ = {isa = PBXBuildFile; productRef = B0A89CFD291FE2F600BB6BEF /* Alamofire */; };
		B0A89D00292000C200BB6BEF /* UserViewModel.swift in Sources */ = {isa = PBXBuildFile; fileRef = B0A89CFF292000C200BB6BEF /* UserViewModel.swift */; };
		B0A8E141293B92CC00E05632 /* SideBar.swift in Sources */ = {isa = PBXBuildFile; fileRef = B0A8E140293B92CC00E05632 /* SideBar.swift */; };
		B0A8E146293B9E0700E05632 /* baseView.swift in Sources */ = {isa = PBXBuildFile; fileRef = B0A8E145293B9E0700E05632 /* baseView.swift */; };
		B0AB6141293279D30051A892 /* Casemodel.swift in Sources */ = {isa = PBXBuildFile; fileRef = B0AB6140293279D30051A892 /* Casemodel.swift */; };
		B0AB614629327A390051A892 /* CaseViewModel.swift in Sources */ = {isa = PBXBuildFile; fileRef = B0AB614529327A390051A892 /* CaseViewModel.swift */; };
		B0AB6148293290E00051A892 /* EditPackView.swift in Sources */ = {isa = PBXBuildFile; fileRef = B0AB6147293290E00051A892 /* EditPackView.swift */; };
		B0AB614B2932B4290051A892 /* AlamofireImage in Frameworks */ = {isa = PBXBuildFile; productRef = B0AB614A2932B4290051A892 /* AlamofireImage */; };
		B0ACC297292D6BD200EEE7A1 /* ControlLogin.swift in Sources */ = {isa = PBXBuildFile; fileRef = B0ACC296292D6BD200EEE7A1 /* ControlLogin.swift */; };
		B0B10D92293CF22900CCF476 /* BaseViewClient.swift in Sources */ = {isa = PBXBuildFile; fileRef = B0B10D91293CF22900CCF476 /* BaseViewClient.swift */; };
		B0B10D94293CF6E500CCF476 /* PackViewModel.swift in Sources */ = {isa = PBXBuildFile; fileRef = B0B10D93293CF6E500CCF476 /* PackViewModel.swift */; };
		B0B10D99293CF78F00CCF476 /* PackModel.swift in Sources */ = {isa = PBXBuildFile; fileRef = B0B10D98293CF78F00CCF476 /* PackModel.swift */; };
		B0B10D9B293D28A200CCF476 /* PopupView.swift in Sources */ = {isa = PBXBuildFile; fileRef = B0B10D9A293D28A200CCF476 /* PopupView.swift */; };
		B0B1412F2944CC7000A6B636 /* ScanData.swift in Sources */ = {isa = PBXBuildFile; fileRef = B0B1412E2944CC7000A6B636 /* ScanData.swift */; };
		B0B141312944D27E00A6B636 /* ScanKit.swift in Sources */ = {isa = PBXBuildFile; fileRef = B0B141302944D27E00A6B636 /* ScanKit.swift */; };
		B0B141332944D61300A6B636 /* TextRecognizer.swift in Sources */ = {isa = PBXBuildFile; fileRef = B0B141322944D61300A6B636 /* TextRecognizer.swift */; };
		B0B14135294511F000A6B636 /* DateValue.swift in Sources */ = {isa = PBXBuildFile; fileRef = B0B14134294511F000A6B636 /* DateValue.swift */; };
		B0B141372945120100A6B636 /* Task.swift in Sources */ = {isa = PBXBuildFile; fileRef = B0B141362945120100A6B636 /* Task.swift */; };
		B0B1413A2945125100A6B636 /* Agenda.swift in Sources */ = {isa = PBXBuildFile; fileRef = B0B141392945125100A6B636 /* Agenda.swift */; };
		B0B1413C2945126700A6B636 /* CustomDatePicker.swift in Sources */ = {isa = PBXBuildFile; fileRef = B0B1413B2945126700A6B636 /* CustomDatePicker.swift */; };
		B0B7F0E32949C1E0004D4F8F /* ChangePasswordView1.swift in Sources */ = {isa = PBXBuildFile; fileRef = B0B7F0E22949C1E0004D4F8F /* ChangePasswordView1.swift */; };
		B0C31720295B826B005DE881 /* WebView.swift in Sources */ = {isa = PBXBuildFile; fileRef = B0C3171F295B826B005DE881 /* WebView.swift */; };
		B0C45215293F8CF10045B43E /* Url.swift in Sources */ = {isa = PBXBuildFile; fileRef = B0C45214293F8CF10045B43E /* Url.swift */; };
		B0C45219293FBBBC0045B43E /* UserAuthModel.swift in Sources */ = {isa = PBXBuildFile; fileRef = B0C45218293FBBBC0045B43E /* UserAuthModel.swift */; };
		B0C4521B293FBCE20045B43E /* ViewSingIn.swift in Sources */ = {isa = PBXBuildFile; fileRef = B0C4521A293FBCE20045B43E /* ViewSingIn.swift */; };
		B0C4523729401B860045B43E /* MessageMnager.swift in Sources */ = {isa = PBXBuildFile; fileRef = B0C4523629401B860045B43E /* MessageMnager.swift */; };
		B0C56D7D2922C3DE008CD804 /* ChangePasswordView.swift in Sources */ = {isa = PBXBuildFile; fileRef = B0C56D7C2922C3DE008CD804 /* ChangePasswordView.swift */; };
		B0E519622947C8FD000EC275 /* MapView.swift in Sources */ = {isa = PBXBuildFile; fileRef = B0E5195D2947C8FD000EC275 /* MapView.swift */; };
		B0E519632947C8FD000EC275 /* BookedView.swift in Sources */ = {isa = PBXBuildFile; fileRef = B0E5195E2947C8FD000EC275 /* BookedView.swift */; };
		B0E519642947C8FD000EC275 /* Home.swift in Sources */ = {isa = PBXBuildFile; fileRef = B0E5195F2947C8FD000EC275 /* Home.swift */; };
		B0E519652947C8FD000EC275 /* SearchView.swift in Sources */ = {isa = PBXBuildFile; fileRef = B0E519602947C8FD000EC275 /* SearchView.swift */; };
		B0E519662947C8FD000EC275 /* Loader.swift in Sources */ = {isa = PBXBuildFile; fileRef = B0E519612947C8FD000EC275 /* Loader.swift */; };
		B0FE06A82948D538001B97F7 /* AddPackView.swift in Sources */ = {isa = PBXBuildFile; fileRef = B0FE06A72948D538001B97F7 /* AddPackView.swift */; };
		B0FE06AA2948E19B001B97F7 /* CaseUserView.swift in Sources */ = {isa = PBXBuildFile; fileRef = B0FE06A92948E19B001B97F7 /* CaseUserView.swift */; };
		B0FE06B129492922001B97F7 /* chat.storyboard in Resources */ = {isa = PBXBuildFile; fileRef = B0FE06B029492922001B97F7 /* chat.storyboard */; };
		B0FE06B629492A7A001B97F7 /* MessagerieViewCotroller.swift in Sources */ = {isa = PBXBuildFile; fileRef = B0FE06B229492A79001B97F7 /* MessagerieViewCotroller.swift */; };
		B0FE06B829492A7A001B97F7 /* CUserTableViewController.swift in Sources */ = {isa = PBXBuildFile; fileRef = B0FE06B429492A7A001B97F7 /* CUserTableViewController.swift */; };
		B0FE06B929492A7A001B97F7 /* ChatView.swift in Sources */ = {isa = PBXBuildFile; fileRef = B0FE06B529492A7A001B97F7 /* ChatView.swift */; };
		B0FE06BB29492B47001B97F7 /* Message.swift in Sources */ = {isa = PBXBuildFile; fileRef = B0FE06BA29492B47001B97F7 /* Message.swift */; };
		B0FE06BD29492B51001B97F7 /* Conversation.swift in Sources */ = {isa = PBXBuildFile; fileRef = B0FE06BC29492B51001B97F7 /* Conversation.swift */; };
		B0FE06BF29492CB4001B97F7 /* MessageModelView.swift in Sources */ = {isa = PBXBuildFile; fileRef = B0FE06BE29492CB4001B97F7 /* MessageModelView.swift */; };
		B0FE06C329492DA1001B97F7 /* ModalTransitionListener.swift in Sources */ = {isa = PBXBuildFile; fileRef = B0FE06C029492DA1001B97F7 /* ModalTransitionListener.swift */; };
		B0FE06C429492DA1001B97F7 /* DateUtils.swift in Sources */ = {isa = PBXBuildFile; fileRef = B0FE06C129492DA1001B97F7 /* DateUtils.swift */; };
		B0FE06C529492DA1001B97F7 /* TableViewHelper.swift in Sources */ = {isa = PBXBuildFile; fileRef = B0FE06C229492DA1001B97F7 /* TableViewHelper.swift */; };
		B0FE06C729492DFB001B97F7 /* Alerte.swift in Sources */ = {isa = PBXBuildFile; fileRef = B0FE06C629492DFB001B97F7 /* Alerte.swift */; };
		B0FE06DA29493EC7001B97F7 /* ChatsSwiftUIView.swift in Sources */ = {isa = PBXBuildFile; fileRef = B0FE06D929493EC7001B97F7 /* ChatsSwiftUIView.swift */; };
		B0FE06DD29495C8A001B97F7 /* Setting.swift in Sources */ = {isa = PBXBuildFile; fileRef = B0FE06DC29495C8A001B97F7 /* Setting.swift */; };
		B0FE06DF29495CAD001B97F7 /* FromRowStaticView.swift in Sources */ = {isa = PBXBuildFile; fileRef = B0FE06DE29495CAD001B97F7 /* FromRowStaticView.swift */; };
		B0FE06E229495E22001B97F7 /* RiveRuntime in Frameworks */ = {isa = PBXBuildFile; productRef = B0FE06E129495E22001B97F7 /* RiveRuntime */; };
		B0FE06E529495E5C001B97F7 /* new_file.riv in Resources */ = {isa = PBXBuildFile; fileRef = B0FE06E429495E5C001B97F7 /* new_file.riv */; };
		C36B1AEAA1352F191BFA4309 /* Pods_Memorize.framework in Frameworks */ = {isa = PBXBuildFile; fileRef = C6E5E62BA5091022E7839228 /* Pods_Memorize.framework */; };
/* End PBXBuildFile section */

/* Begin PBXFileReference section */
		14D05B48291DE0FF004D5448 /* ChosePackView.swift */ = {isa = PBXFileReference; lastKnownFileType = sourcecode.swift; path = ChosePackView.swift; sourceTree = "<group>"; };
		72E6DED52919733700B2B644 /* LoginView.swift */ = {isa = PBXFileReference; lastKnownFileType = sourcecode.swift; path = LoginView.swift; sourceTree = "<group>"; };
		72E6DED929198C4200B2B644 /* RegisterCView.swift */ = {isa = PBXFileReference; lastKnownFileType = sourcecode.swift; path = RegisterCView.swift; sourceTree = "<group>"; };
		72E6DEDB29199F0200B2B644 /* ForgetView.swift */ = {isa = PBXFileReference; lastKnownFileType = sourcecode.swift; path = ForgetView.swift; sourceTree = "<group>"; };
		72E6DEDD2919A88C00B2B644 /* ResetCodeView.swift */ = {isa = PBXFileReference; lastKnownFileType = sourcecode.swift; path = ResetCodeView.swift; sourceTree = "<group>"; };
		8809CBE52916A28B0052B31E /* Memorize.app */ = {isa = PBXFileReference; explicitFileType = wrapper.application; includeInIndex = 0; path = Memorize.app; sourceTree = BUILT_PRODUCTS_DIR; };
		8809CBE82916A28B0052B31E /* MemorizeApp.swift */ = {isa = PBXFileReference; lastKnownFileType = sourcecode.swift; path = MemorizeApp.swift; sourceTree = "<group>"; };
		8809CBEC2916A28D0052B31E /* Assets.xcassets */ = {isa = PBXFileReference; lastKnownFileType = folder.assetcatalog; path = Assets.xcassets; sourceTree = "<group>"; };
		8809CBEF2916A28D0052B31E /* Preview Assets.xcassets */ = {isa = PBXFileReference; lastKnownFileType = folder.assetcatalog; path = "Preview Assets.xcassets"; sourceTree = "<group>"; };
		8809CBF12916A28D0052B31E /* Persistence.swift */ = {isa = PBXFileReference; lastKnownFileType = sourcecode.swift; path = Persistence.swift; sourceTree = "<group>"; };
		8809CBF42916A28D0052B31E /* Memorize.xcdatamodel */ = {isa = PBXFileReference; lastKnownFileType = wrapper.xcdatamodel; path = Memorize.xcdatamodel; sourceTree = "<group>"; };
		B02863462935439D0065E12F /* NewsModel.swift */ = {isa = PBXFileReference; lastKnownFileType = sourcecode.swift; path = NewsModel.swift; sourceTree = "<group>"; };
		B028634B2935467C0065E12F /* NewsViewModel.swift */ = {isa = PBXFileReference; lastKnownFileType = sourcecode.swift; path = NewsViewModel.swift; sourceTree = "<group>"; };
		B029D78F2947DBDC00391B1C /* GetByCategorieView.swift */ = {isa = PBXFileReference; lastKnownFileType = sourcecode.swift; path = GetByCategorieView.swift; sourceTree = "<group>"; };
		B0517A652944C05B002E7911 /* ScannerView.swift */ = {isa = PBXFileReference; lastKnownFileType = sourcecode.swift; path = ScannerView.swift; sourceTree = "<group>"; };
		B05F5AFE293E64AC00A86FB8 /* SigniatureView.swift */ = {isa = PBXFileReference; lastKnownFileType = sourcecode.swift; path = SigniatureView.swift; sourceTree = "<group>"; };
		B05F5B00293EA02300A86FB8 /* RendezVousViewModel.swift */ = {isa = PBXFileReference; lastKnownFileType = sourcecode.swift; path = RendezVousViewModel.swift; sourceTree = "<group>"; };
		B05F5B02293EA06700A86FB8 /* RendezVousModel.swift */ = {isa = PBXFileReference; lastKnownFileType = sourcecode.swift; path = RendezVousModel.swift; sourceTree = "<group>"; };
		B063F1F2292BC0020088B3CD /* HomeView.swift */ = {isa = PBXFileReference; lastKnownFileType = sourcecode.swift; path = HomeView.swift; sourceTree = "<group>"; };
		B07970E9291EAEB700E35121 /* EditProfileUView.swift */ = {isa = PBXFileReference; lastKnownFileType = sourcecode.swift; path = EditProfileUView.swift; sourceTree = "<group>"; };
		B07970EB291EBD3300E35121 /* ImagePicker.swift */ = {isa = PBXFileReference; lastKnownFileType = sourcecode.swift; path = ImagePicker.swift; sourceTree = "<group>"; };
		B09D4C1C29360FCE007F662C /* CaseView.swift */ = {isa = PBXFileReference; lastKnownFileType = sourcecode.swift; path = CaseView.swift; sourceTree = "<group>"; };
		B09D4C1E2936B7D4007F662C /* AddCaseView.swift */ = {isa = PBXFileReference; lastKnownFileType = sourcecode.swift; path = AddCaseView.swift; sourceTree = "<group>"; };
		B0A1316829310B4100DC690F /* HomeAvocatView.swift */ = {isa = PBXFileReference; lastKnownFileType = sourcecode.swift; path = HomeAvocatView.swift; sourceTree = "<group>"; };
		B0A13176293163EF00DC690F /* CategorieModel.swift */ = {isa = PBXFileReference; lastKnownFileType = sourcecode.swift; path = CategorieModel.swift; sourceTree = "<group>"; };
		B0A131782931662200DC690F /* CategorieViewModel.swift */ = {isa = PBXFileReference; lastKnownFileType = sourcecode.swift; path = CategorieViewModel.swift; sourceTree = "<group>"; };
		B0A1D995291D695B0032C19D /* ProfileView.swift */ = {isa = PBXFileReference; lastKnownFileType = sourcecode.swift; path = ProfileView.swift; sourceTree = "<group>"; };
		B0A56B6B2926F07E00A6B137 /* RegisterAvocatView.swift */ = {isa = PBXFileReference; lastKnownFileType = sourcecode.swift; path = RegisterAvocatView.swift; sourceTree = "<group>"; };
		B0A89CF2291FC41500BB6BEF /* UserModel.swift */ = {isa = PBXFileReference; lastKnownFileType = sourcecode.swift; path = UserModel.swift; sourceTree = "<group>"; };
		B0A89CFF292000C200BB6BEF /* UserViewModel.swift */ = {isa = PBXFileReference; lastKnownFileType = sourcecode.swift; path = UserViewModel.swift; sourceTree = "<group>"; };
		B0A8E140293B92CC00E05632 /* SideBar.swift */ = {isa = PBXFileReference; lastKnownFileType = sourcecode.swift; path = SideBar.swift; sourceTree = "<group>"; };
		B0A8E145293B9E0700E05632 /* baseView.swift */ = {isa = PBXFileReference; lastKnownFileType = sourcecode.swift; path = baseView.swift; sourceTree = "<group>"; };
		B0AB6140293279D30051A892 /* Casemodel.swift */ = {isa = PBXFileReference; lastKnownFileType = sourcecode.swift; path = Casemodel.swift; sourceTree = "<group>"; };
		B0AB614529327A390051A892 /* CaseViewModel.swift */ = {isa = PBXFileReference; lastKnownFileType = sourcecode.swift; path = CaseViewModel.swift; sourceTree = "<group>"; };
		B0AB6147293290E00051A892 /* EditPackView.swift */ = {isa = PBXFileReference; lastKnownFileType = sourcecode.swift; path = EditPackView.swift; sourceTree = "<group>"; };
		B0ACC296292D6BD200EEE7A1 /* ControlLogin.swift */ = {isa = PBXFileReference; lastKnownFileType = sourcecode.swift; path = ControlLogin.swift; sourceTree = "<group>"; };
		B0B10D91293CF22900CCF476 /* BaseViewClient.swift */ = {isa = PBXFileReference; lastKnownFileType = sourcecode.swift; path = BaseViewClient.swift; sourceTree = "<group>"; };
		B0B10D93293CF6E500CCF476 /* PackViewModel.swift */ = {isa = PBXFileReference; lastKnownFileType = sourcecode.swift; path = PackViewModel.swift; sourceTree = "<group>"; };
		B0B10D98293CF78F00CCF476 /* PackModel.swift */ = {isa = PBXFileReference; lastKnownFileType = sourcecode.swift; path = PackModel.swift; sourceTree = "<group>"; };
		B0B10D9A293D28A200CCF476 /* PopupView.swift */ = {isa = PBXFileReference; lastKnownFileType = sourcecode.swift; path = PopupView.swift; sourceTree = "<group>"; };
		B0B1412E2944CC7000A6B636 /* ScanData.swift */ = {isa = PBXFileReference; lastKnownFileType = sourcecode.swift; path = ScanData.swift; sourceTree = "<group>"; };
		B0B141302944D27E00A6B636 /* ScanKit.swift */ = {isa = PBXFileReference; lastKnownFileType = sourcecode.swift; path = ScanKit.swift; sourceTree = "<group>"; };
		B0B141322944D61300A6B636 /* TextRecognizer.swift */ = {isa = PBXFileReference; lastKnownFileType = sourcecode.swift; path = TextRecognizer.swift; sourceTree = "<group>"; };
		B0B14134294511F000A6B636 /* DateValue.swift */ = {isa = PBXFileReference; lastKnownFileType = sourcecode.swift; path = DateValue.swift; sourceTree = "<group>"; };
		B0B141362945120100A6B636 /* Task.swift */ = {isa = PBXFileReference; lastKnownFileType = sourcecode.swift; path = Task.swift; sourceTree = "<group>"; };
		B0B141392945125100A6B636 /* Agenda.swift */ = {isa = PBXFileReference; lastKnownFileType = sourcecode.swift; path = Agenda.swift; sourceTree = "<group>"; };
		B0B1413B2945126700A6B636 /* CustomDatePicker.swift */ = {isa = PBXFileReference; lastKnownFileType = sourcecode.swift; path = CustomDatePicker.swift; sourceTree = "<group>"; };
		B0B7F0E22949C1E0004D4F8F /* ChangePasswordView1.swift */ = {isa = PBXFileReference; lastKnownFileType = sourcecode.swift; path = ChangePasswordView1.swift; sourceTree = "<group>"; };
		B0C3171F295B826B005DE881 /* WebView.swift */ = {isa = PBXFileReference; lastKnownFileType = sourcecode.swift; path = WebView.swift; sourceTree = "<group>"; };
		B0C45214293F8CF10045B43E /* Url.swift */ = {isa = PBXFileReference; lastKnownFileType = sourcecode.swift; path = Url.swift; sourceTree = "<group>"; };
		B0C45217293FB87C0045B43E /* Info.plist */ = {isa = PBXFileReference; lastKnownFileType = text.plist; path = Info.plist; sourceTree = "<group>"; };
		B0C45218293FBBBC0045B43E /* UserAuthModel.swift */ = {isa = PBXFileReference; lastKnownFileType = sourcecode.swift; path = UserAuthModel.swift; sourceTree = "<group>"; };
		B0C4521A293FBCE20045B43E /* ViewSingIn.swift */ = {isa = PBXFileReference; lastKnownFileType = sourcecode.swift; path = ViewSingIn.swift; sourceTree = "<group>"; };
		B0C4523629401B860045B43E /* MessageMnager.swift */ = {isa = PBXFileReference; lastKnownFileType = sourcecode.swift; path = MessageMnager.swift; sourceTree = "<group>"; };
		B0C56D7C2922C3DE008CD804 /* ChangePasswordView.swift */ = {isa = PBXFileReference; lastKnownFileType = sourcecode.swift; path = ChangePasswordView.swift; sourceTree = "<group>"; };
		B0E5195D2947C8FD000EC275 /* MapView.swift */ = {isa = PBXFileReference; fileEncoding = 4; lastKnownFileType = sourcecode.swift; path = MapView.swift; sourceTree = "<group>"; };
		B0E5195E2947C8FD000EC275 /* BookedView.swift */ = {isa = PBXFileReference; fileEncoding = 4; lastKnownFileType = sourcecode.swift; path = BookedView.swift; sourceTree = "<group>"; };
		B0E5195F2947C8FD000EC275 /* Home.swift */ = {isa = PBXFileReference; fileEncoding = 4; lastKnownFileType = sourcecode.swift; path = Home.swift; sourceTree = "<group>"; };
		B0E519602947C8FD000EC275 /* SearchView.swift */ = {isa = PBXFileReference; fileEncoding = 4; lastKnownFileType = sourcecode.swift; path = SearchView.swift; sourceTree = "<group>"; };
		B0E519612947C8FD000EC275 /* Loader.swift */ = {isa = PBXFileReference; fileEncoding = 4; lastKnownFileType = sourcecode.swift; path = Loader.swift; sourceTree = "<group>"; };
		B0FE06A72948D538001B97F7 /* AddPackView.swift */ = {isa = PBXFileReference; lastKnownFileType = sourcecode.swift; path = AddPackView.swift; sourceTree = "<group>"; };
		B0FE06A92948E19B001B97F7 /* CaseUserView.swift */ = {isa = PBXFileReference; lastKnownFileType = sourcecode.swift; path = CaseUserView.swift; sourceTree = "<group>"; };
		B0FE06B029492922001B97F7 /* chat.storyboard */ = {isa = PBXFileReference; lastKnownFileType = file.storyboard; path = chat.storyboard; sourceTree = "<group>"; };
		B0FE06B229492A79001B97F7 /* MessagerieViewCotroller.swift */ = {isa = PBXFileReference; fileEncoding = 4; lastKnownFileType = sourcecode.swift; path = MessagerieViewCotroller.swift; sourceTree = "<group>"; };
		B0FE06B429492A7A001B97F7 /* CUserTableViewController.swift */ = {isa = PBXFileReference; fileEncoding = 4; lastKnownFileType = sourcecode.swift; path = CUserTableViewController.swift; sourceTree = "<group>"; };
		B0FE06B529492A7A001B97F7 /* ChatView.swift */ = {isa = PBXFileReference; fileEncoding = 4; lastKnownFileType = sourcecode.swift; path = ChatView.swift; sourceTree = "<group>"; };
		B0FE06BA29492B47001B97F7 /* Message.swift */ = {isa = PBXFileReference; fileEncoding = 4; lastKnownFileType = sourcecode.swift; path = Message.swift; sourceTree = "<group>"; };
		B0FE06BC29492B51001B97F7 /* Conversation.swift */ = {isa = PBXFileReference; fileEncoding = 4; lastKnownFileType = sourcecode.swift; path = Conversation.swift; sourceTree = "<group>"; };
		B0FE06BE29492CB4001B97F7 /* MessageModelView.swift */ = {isa = PBXFileReference; fileEncoding = 4; lastKnownFileType = sourcecode.swift; path = MessageModelView.swift; sourceTree = "<group>"; };
		B0FE06C029492DA1001B97F7 /* ModalTransitionListener.swift */ = {isa = PBXFileReference; fileEncoding = 4; lastKnownFileType = sourcecode.swift; path = ModalTransitionListener.swift; sourceTree = "<group>"; };
		B0FE06C129492DA1001B97F7 /* DateUtils.swift */ = {isa = PBXFileReference; fileEncoding = 4; lastKnownFileType = sourcecode.swift; path = DateUtils.swift; sourceTree = "<group>"; };
		B0FE06C229492DA1001B97F7 /* TableViewHelper.swift */ = {isa = PBXFileReference; fileEncoding = 4; lastKnownFileType = sourcecode.swift; path = TableViewHelper.swift; sourceTree = "<group>"; };
		B0FE06C629492DFB001B97F7 /* Alerte.swift */ = {isa = PBXFileReference; fileEncoding = 4; lastKnownFileType = sourcecode.swift; path = Alerte.swift; sourceTree = "<group>"; };
		B0FE06D929493EC7001B97F7 /* ChatsSwiftUIView.swift */ = {isa = PBXFileReference; lastKnownFileType = sourcecode.swift; path = ChatsSwiftUIView.swift; sourceTree = "<group>"; };
		B0FE06DC29495C8A001B97F7 /* Setting.swift */ = {isa = PBXFileReference; lastKnownFileType = sourcecode.swift; path = Setting.swift; sourceTree = "<group>"; };
		B0FE06DE29495CAD001B97F7 /* FromRowStaticView.swift */ = {isa = PBXFileReference; lastKnownFileType = sourcecode.swift; path = FromRowStaticView.swift; sourceTree = "<group>"; };
		B0FE06E429495E5C001B97F7 /* new_file.riv */ = {isa = PBXFileReference; lastKnownFileType = file; path = new_file.riv; sourceTree = "<group>"; };
		C6E5E62BA5091022E7839228 /* Pods_Memorize.framework */ = {isa = PBXFileReference; explicitFileType = wrapper.framework; includeInIndex = 0; path = Pods_Memorize.framework; sourceTree = BUILT_PRODUCTS_DIR; };
		D2DD281E967CF879FBE5A599 /* Pods-Memorize.debug.xcconfig */ = {isa = PBXFileReference; includeInIndex = 1; lastKnownFileType = text.xcconfig; name = "Pods-Memorize.debug.xcconfig"; path = "Target Support Files/Pods-Memorize/Pods-Memorize.debug.xcconfig"; sourceTree = "<group>"; };
		E08665E15F1370014484462F /* Pods-Memorize.release.xcconfig */ = {isa = PBXFileReference; includeInIndex = 1; lastKnownFileType = text.xcconfig; name = "Pods-Memorize.release.xcconfig"; path = "Target Support Files/Pods-Memorize/Pods-Memorize.release.xcconfig"; sourceTree = "<group>"; };
/* End PBXFileReference section */

/* Begin PBXFrameworksBuildPhase section */
		8809CBE22916A28B0052B31E /* Frameworks */ = {
			isa = PBXFrameworksBuildPhase;
			buildActionMask = 2147483647;
			files = (
				B0A131722931609F00DC690F /* SDWebImageSwiftUI in Frameworks */,
				B0A89CFE291FE2F600BB6BEF /* Alamofire in Frameworks */,
				B0FE06E229495E22001B97F7 /* RiveRuntime in Frameworks */,
				B0AB614B2932B4290051A892 /* AlamofireImage in Frameworks */,
				B0A13175293161BC00DC690F /* SwiftyJSON in Frameworks */,
				B0A56B6A2926D7C800A6B137 /* SwiftUIX in Frameworks */,
				C36B1AEAA1352F191BFA4309 /* Pods_Memorize.framework in Frameworks */,
			);
			runOnlyForDeploymentPostprocessing = 0;
		};
/* End PBXFrameworksBuildPhase section */

/* Begin PBXGroup section */
		06BA7F9F2916F94700DDBDFF /* Login */ = {
			isa = PBXGroup;
			children = (
				B0FE06E329495E44001B97F7 /* RiveAssets */,
				B0A89CF1291FC38800BB6BEF /* Models */,
				B07970F4291EDFA700E35121 /* ViewModels */,
				72E6DEE02919B12300B2B644 /* Views */,
			);
			path = Login;
			sourceTree = "<group>";
		};
		0ECC3C95A4A8670AE1002A10 /* Frameworks */ = {
			isa = PBXGroup;
			children = (
				C6E5E62BA5091022E7839228 /* Pods_Memorize.framework */,
			);
			name = Frameworks;
			sourceTree = "<group>";
		};
		72E6DEE02919B12300B2B644 /* Views */ = {
			isa = PBXGroup;
			children = (
				B0FE06DB29495C79001B97F7 /* Setting */,
				B0FE06AF29492901001B97F7 /* Chattsb */,
				B0FE06A62948D51B001B97F7 /* Pack */,
				B0B1413D2945176500A6B636 /* Map */,
				B0B141382945123D00A6B636 /* Agenda */,
				B0517A642944BFC7002E7911 /* scanner */,
				B09D4C1B29360EC6007F662C /* Case */,
				B0A1316F29310EDE00DC690F /* User */,
				B0A1316A29310BA000DC690F /* Home */,
				B07970ED291EBD5C00E35121 /* utils */,
				B0A56B6B2926F07E00A6B137 /* RegisterAvocatView.swift */,
				B0A1D995291D695B0032C19D /* ProfileView.swift */,
			);
			path = Views;
			sourceTree = "<group>";
		};
		8809CBDC2916A28B0052B31E = {
			isa = PBXGroup;
			children = (
				8809CBE72916A28B0052B31E /* Memorize */,
				8809CBE62916A28B0052B31E /* Products */,
				9B3380A7B4FE9B1A3C662D02 /* Pods */,
				0ECC3C95A4A8670AE1002A10 /* Frameworks */,
			);
			sourceTree = "<group>";
		};
		8809CBE62916A28B0052B31E /* Products */ = {
			isa = PBXGroup;
			children = (
				8809CBE52916A28B0052B31E /* Memorize.app */,
			);
			name = Products;
			sourceTree = "<group>";
		};
		8809CBE72916A28B0052B31E /* Memorize */ = {
			isa = PBXGroup;
			children = (
				B0C45217293FB87C0045B43E /* Info.plist */,
				06BA7F9F2916F94700DDBDFF /* Login */,
				8809CBE82916A28B0052B31E /* MemorizeApp.swift */,
				72E6DEDD2919A88C00B2B644 /* ResetCodeView.swift */,
				8809CBEC2916A28D0052B31E /* Assets.xcassets */,
				8809CBF12916A28D0052B31E /* Persistence.swift */,
				8809CBF32916A28D0052B31E /* Memorize.xcdatamodeld */,
				8809CBEE2916A28D0052B31E /* Preview Content */,
			);
			path = Memorize;
			sourceTree = "<group>";
		};
		8809CBEE2916A28D0052B31E /* Preview Content */ = {
			isa = PBXGroup;
			children = (
				8809CBEF2916A28D0052B31E /* Preview Assets.xcassets */,
			);
			path = "Preview Content";
			sourceTree = "<group>";
		};
		9B3380A7B4FE9B1A3C662D02 /* Pods */ = {
			isa = PBXGroup;
			children = (
				D2DD281E967CF879FBE5A599 /* Pods-Memorize.debug.xcconfig */,
				E08665E15F1370014484462F /* Pods-Memorize.release.xcconfig */,
			);
			path = Pods;
			sourceTree = "<group>";
		};
		B0517A642944BFC7002E7911 /* scanner */ = {
			isa = PBXGroup;
			children = (
				B0517A652944C05B002E7911 /* ScannerView.swift */,
				B0B141302944D27E00A6B636 /* ScanKit.swift */,
				B0B141322944D61300A6B636 /* TextRecognizer.swift */,
			);
			path = scanner;
			sourceTree = "<group>";
		};
		B07970ED291EBD5C00E35121 /* utils */ = {
			isa = PBXGroup;
			children = (
				B0FE06C629492DFB001B97F7 /* Alerte.swift */,
				B0FE06C129492DA1001B97F7 /* DateUtils.swift */,
				B0FE06C029492DA1001B97F7 /* ModalTransitionListener.swift */,
				B0FE06C229492DA1001B97F7 /* TableViewHelper.swift */,
				B0ACC296292D6BD200EEE7A1 /* ControlLogin.swift */,
				B07970EB291EBD3300E35121 /* ImagePicker.swift */,
				B0AB6147293290E00051A892 /* EditPackView.swift */,
				B0B10D9A293D28A200CCF476 /* PopupView.swift */,
				B05F5AFE293E64AC00A86FB8 /* SigniatureView.swift */,
				B0C4521A293FBCE20045B43E /* ViewSingIn.swift */,
				B0C3171F295B826B005DE881 /* WebView.swift */,
			);
			path = utils;
			sourceTree = "<group>";
		};
		B07970F4291EDFA700E35121 /* ViewModels */ = {
			isa = PBXGroup;
			children = (
				B0FE06BE29492CB4001B97F7 /* MessageModelView.swift */,
				B0C45218293FBBBC0045B43E /* UserAuthModel.swift */,
				B0A89CFF292000C200BB6BEF /* UserViewModel.swift */,
				B0A131782931662200DC690F /* CategorieViewModel.swift */,
				B0AB614529327A390051A892 /* CaseViewModel.swift */,
				B028634B2935467C0065E12F /* NewsViewModel.swift */,
				B0B10D93293CF6E500CCF476 /* PackViewModel.swift */,
				B05F5B00293EA02300A86FB8 /* RendezVousViewModel.swift */,
				B0C4523629401B860045B43E /* MessageMnager.swift */,
			);
			path = ViewModels;
			sourceTree = "<group>";
		};
		B09D4C1B29360EC6007F662C /* Case */ = {
			isa = PBXGroup;
			children = (
				B09D4C1C29360FCE007F662C /* CaseView.swift */,
				B09D4C1E2936B7D4007F662C /* AddCaseView.swift */,
				B0FE06A92948E19B001B97F7 /* CaseUserView.swift */,
			);
			path = Case;
			sourceTree = "<group>";
		};
		B0A1316A29310BA000DC690F /* Home */ = {
			isa = PBXGroup;
			children = (
				B029D78F2947DBDC00391B1C /* GetByCategorieView.swift */,
				B0A8E145293B9E0700E05632 /* baseView.swift */,
				B0B10D91293CF22900CCF476 /* BaseViewClient.swift */,
				B0A1316829310B4100DC690F /* HomeAvocatView.swift */,
				B063F1F2292BC0020088B3CD /* HomeView.swift */,
				B0A8E140293B92CC00E05632 /* SideBar.swift */,
				B0B7F0E22949C1E0004D4F8F /* ChangePasswordView1.swift */,
			);
			path = Home;
			sourceTree = "<group>";
		};
		B0A1316F29310EDE00DC690F /* User */ = {
			isa = PBXGroup;
			children = (
				72E6DEDB29199F0200B2B644 /* ForgetView.swift */,
				B0C56D7C2922C3DE008CD804 /* ChangePasswordView.swift */,
				72E6DED52919733700B2B644 /* LoginView.swift */,
				B07970E9291EAEB700E35121 /* EditProfileUView.swift */,
				72E6DED929198C4200B2B644 /* RegisterCView.swift */,
			);
			path = User;
			sourceTree = "<group>";
		};
		B0A89CF1291FC38800BB6BEF /* Models */ = {
			isa = PBXGroup;
			children = (
				B0FE06BC29492B51001B97F7 /* Conversation.swift */,
				B0FE06BA29492B47001B97F7 /* Message.swift */,
				B0A89CF2291FC41500BB6BEF /* UserModel.swift */,
				B0A13176293163EF00DC690F /* CategorieModel.swift */,
				B0AB6140293279D30051A892 /* Casemodel.swift */,
				B02863462935439D0065E12F /* NewsModel.swift */,
				B0B10D98293CF78F00CCF476 /* PackModel.swift */,
				B05F5B02293EA06700A86FB8 /* RendezVousModel.swift */,
				B0C45214293F8CF10045B43E /* Url.swift */,
				B0B1412E2944CC7000A6B636 /* ScanData.swift */,
				B0B14134294511F000A6B636 /* DateValue.swift */,
				B0B141362945120100A6B636 /* Task.swift */,
			);
			path = Models;
			sourceTree = "<group>";
		};
		B0B141382945123D00A6B636 /* Agenda */ = {
			isa = PBXGroup;
			children = (
				B0B141392945125100A6B636 /* Agenda.swift */,
				B0B1413B2945126700A6B636 /* CustomDatePicker.swift */,
			);
			path = Agenda;
			sourceTree = "<group>";
		};
		B0B1413D2945176500A6B636 /* Map */ = {
			isa = PBXGroup;
			children = (
				B0E5195E2947C8FD000EC275 /* BookedView.swift */,
				B0E5195F2947C8FD000EC275 /* Home.swift */,
				B0E519612947C8FD000EC275 /* Loader.swift */,
				B0E5195D2947C8FD000EC275 /* MapView.swift */,
				B0E519602947C8FD000EC275 /* SearchView.swift */,
			);
			path = Map;
			sourceTree = "<group>";
		};
		B0FE06A62948D51B001B97F7 /* Pack */ = {
			isa = PBXGroup;
			children = (
				14D05B48291DE0FF004D5448 /* ChosePackView.swift */,
				B0FE06A72948D538001B97F7 /* AddPackView.swift */,
			);
			path = Pack;
			sourceTree = "<group>";
		};
		B0FE06AF29492901001B97F7 /* Chattsb */ = {
			isa = PBXGroup;
			children = (
				B0FE06B529492A7A001B97F7 /* ChatView.swift */,
				B0FE06B429492A7A001B97F7 /* CUserTableViewController.swift */,
				B0FE06B229492A79001B97F7 /* MessagerieViewCotroller.swift */,
				B0FE06B029492922001B97F7 /* chat.storyboard */,
				B0FE06D929493EC7001B97F7 /* ChatsSwiftUIView.swift */,
			);
			path = Chattsb;
			sourceTree = "<group>";
		};
		B0FE06DB29495C79001B97F7 /* Setting */ = {
			isa = PBXGroup;
			children = (
				B0FE06DC29495C8A001B97F7 /* Setting.swift */,
				B0FE06DE29495CAD001B97F7 /* FromRowStaticView.swift */,
			);
			path = Setting;
			sourceTree = "<group>";
		};
		B0FE06E329495E44001B97F7 /* RiveAssets */ = {
			isa = PBXGroup;
			children = (
				B0FE06E429495E5C001B97F7 /* new_file.riv */,
			);
			path = RiveAssets;
			sourceTree = "<group>";
		};
/* End PBXGroup section */

/* Begin PBXNativeTarget section */
		8809CBE42916A28B0052B31E /* Memorize */ = {
			isa = PBXNativeTarget;
			buildConfigurationList = 8809CBF82916A28D0052B31E /* Build configuration list for PBXNativeTarget "Memorize" */;
			buildPhases = (
				77C45A79D1BD66D68E598666 /* [CP] Check Pods Manifest.lock */,
				8809CBE12916A28B0052B31E /* Sources */,
				8809CBE22916A28B0052B31E /* Frameworks */,
				8809CBE32916A28B0052B31E /* Resources */,
				0FB705D67658111A86710105 /* [CP] Embed Pods Frameworks */,
			);
			buildRules = (
			);
			dependencies = (
			);
			name = Memorize;
			packageProductDependencies = (
				B0A89CFD291FE2F600BB6BEF /* Alamofire */,
				B0A56B692926D7C800A6B137 /* SwiftUIX */,
				B0A131712931609F00DC690F /* SDWebImageSwiftUI */,
				B0A13174293161BC00DC690F /* SwiftyJSON */,
				B0AB614A2932B4290051A892 /* AlamofireImage */,
				B0FE06E129495E22001B97F7 /* RiveRuntime */,
			);
			productName = Memorize;
			productReference = 8809CBE52916A28B0052B31E /* Memorize.app */;
			productType = "com.apple.product-type.application";
		};
/* End PBXNativeTarget section */

/* Begin PBXProject section */
		8809CBDD2916A28B0052B31E /* Project object */ = {
			isa = PBXProject;
			attributes = {
				BuildIndependentTargetsInParallel = 1;
				LastSwiftUpdateCheck = 1320;
				LastUpgradeCheck = 1320;
				TargetAttributes = {
					8809CBE42916A28B0052B31E = {
						CreatedOnToolsVersion = 13.2.1;
						LastSwiftMigration = 1410;
					};
				};
			};
			buildConfigurationList = 8809CBE02916A28B0052B31E /* Build configuration list for PBXProject "Memorize" */;
			compatibilityVersion = "Xcode 13.0";
			developmentRegion = en;
			hasScannedForEncodings = 0;
			knownRegions = (
				en,
				Base,
			);
			mainGroup = 8809CBDC2916A28B0052B31E;
			packageReferences = (
				B0A89CFC291FE2F600BB6BEF /* XCRemoteSwiftPackageReference "Alamofire" */,
				B0A56B682926D7C800A6B137 /* XCRemoteSwiftPackageReference "SwiftUIX" */,
				B0A131702931609F00DC690F /* XCRemoteSwiftPackageReference "SDWebImageSwiftUI" */,
				B0A13173293161BC00DC690F /* XCRemoteSwiftPackageReference "SwiftyJSON" */,
				B0AB61492932B4290051A892 /* XCRemoteSwiftPackageReference "AlamofireImage" */,
				B0C45216293FB4A30045B43E /* XCRemoteSwiftPackageReference "GoogleSignIn-iOS" */,
				B0FE06E029495E22001B97F7 /* XCRemoteSwiftPackageReference "rive-ios" */,
			);
			productRefGroup = 8809CBE62916A28B0052B31E /* Products */;
			projectDirPath = "";
			projectRoot = "";
			targets = (
				8809CBE42916A28B0052B31E /* Memorize */,
			);
		};
/* End PBXProject section */

/* Begin PBXResourcesBuildPhase section */
		8809CBE32916A28B0052B31E /* Resources */ = {
			isa = PBXResourcesBuildPhase;
			buildActionMask = 2147483647;
			files = (
				B0FE06E529495E5C001B97F7 /* new_file.riv in Resources */,
				8809CBF02916A28D0052B31E /* Preview Assets.xcassets in Resources */,
				B0FE06B129492922001B97F7 /* chat.storyboard in Resources */,
				8809CBED2916A28D0052B31E /* Assets.xcassets in Resources */,
			);
			runOnlyForDeploymentPostprocessing = 0;
		};
/* End PBXResourcesBuildPhase section */

/* Begin PBXShellScriptBuildPhase section */
		0FB705D67658111A86710105 /* [CP] Embed Pods Frameworks */ = {
			isa = PBXShellScriptBuildPhase;
			buildActionMask = 2147483647;
			files = (
			);
			inputFileListPaths = (
				"${PODS_ROOT}/Target Support Files/Pods-Memorize/Pods-Memorize-frameworks-${CONFIGURATION}-input-files.xcfilelist",
			);
			name = "[CP] Embed Pods Frameworks";
			outputFileListPaths = (
				"${PODS_ROOT}/Target Support Files/Pods-Memorize/Pods-Memorize-frameworks-${CONFIGURATION}-output-files.xcfilelist",
			);
			runOnlyForDeploymentPostprocessing = 0;
			shellPath = /bin/sh;
			shellScript = "\"${PODS_ROOT}/Target Support Files/Pods-Memorize/Pods-Memorize-frameworks.sh\"\n";
			showEnvVarsInLog = 0;
		};
		77C45A79D1BD66D68E598666 /* [CP] Check Pods Manifest.lock */ = {
			isa = PBXShellScriptBuildPhase;
			buildActionMask = 2147483647;
			files = (
			);
			inputFileListPaths = (
			);
			inputPaths = (
				"${PODS_PODFILE_DIR_PATH}/Podfile.lock",
				"${PODS_ROOT}/Manifest.lock",
			);
			name = "[CP] Check Pods Manifest.lock";
			outputFileListPaths = (
			);
			outputPaths = (
				"$(DERIVED_FILE_DIR)/Pods-Memorize-checkManifestLockResult.txt",
			);
			runOnlyForDeploymentPostprocessing = 0;
			shellPath = /bin/sh;
			shellScript = "diff \"${PODS_PODFILE_DIR_PATH}/Podfile.lock\" \"${PODS_ROOT}/Manifest.lock\" > /dev/null\nif [ $? != 0 ] ; then\n    # print error to STDERR\n    echo \"error: The sandbox is not in sync with the Podfile.lock. Run 'pod install' or update your CocoaPods installation.\" >&2\n    exit 1\nfi\n# This output is used by Xcode 'outputs' to avoid re-running this script phase.\necho \"SUCCESS\" > \"${SCRIPT_OUTPUT_FILE_0}\"\n";
			showEnvVarsInLog = 0;
		};
/* End PBXShellScriptBuildPhase section */

/* Begin PBXSourcesBuildPhase section */
		8809CBE12916A28B0052B31E /* Sources */ = {
			isa = PBXSourcesBuildPhase;
			buildActionMask = 2147483647;
			files = (
				8809CBF22916A28D0052B31E /* Persistence.swift in Sources */,
				B0FE06BB29492B47001B97F7 /* Message.swift in Sources */,
				B0A1316929310B4100DC690F /* HomeAvocatView.swift in Sources */,
				B0C45215293F8CF10045B43E /* Url.swift in Sources */,
				B0A8E141293B92CC00E05632 /* SideBar.swift in Sources */,
				B09D4C1F2936B7D4007F662C /* AddCaseView.swift in Sources */,
				B0B1412F2944CC7000A6B636 /* ScanData.swift in Sources */,
				B0B10D92293CF22900CCF476 /* BaseViewClient.swift in Sources */,
				B0B1413A2945125100A6B636 /* Agenda.swift in Sources */,
				B0E519652947C8FD000EC275 /* SearchView.swift in Sources */,
				B0FE06A82948D538001B97F7 /* AddPackView.swift in Sources */,
				B0A1D996291D695B0032C19D /* ProfileView.swift in Sources */,
				B0B141372945120100A6B636 /* Task.swift in Sources */,
				B0C4521B293FBCE20045B43E /* ViewSingIn.swift in Sources */,
				B0FE06DF29495CAD001B97F7 /* FromRowStaticView.swift in Sources */,
				B0FE06BD29492B51001B97F7 /* Conversation.swift in Sources */,
				B05F5B03293EA06700A86FB8 /* RendezVousModel.swift in Sources */,
				B0B10D99293CF78F00CCF476 /* PackModel.swift in Sources */,
				72E6DEDC29199F0200B2B644 /* ForgetView.swift in Sources */,
				B0E519622947C8FD000EC275 /* MapView.swift in Sources */,
				B05F5AFF293E64AC00A86FB8 /* SigniatureView.swift in Sources */,
				B0B141332944D61300A6B636 /* TextRecognizer.swift in Sources */,
				B0FE06C329492DA1001B97F7 /* ModalTransitionListener.swift in Sources */,
				72E6DEDA29198C4200B2B644 /* RegisterCView.swift in Sources */,
				B0E519662947C8FD000EC275 /* Loader.swift in Sources */,
				72E6DED62919733700B2B644 /* LoginView.swift in Sources */,
				B0A8E146293B9E0700E05632 /* baseView.swift in Sources */,
				8809CBF52916A28D0052B31E /* Memorize.xcdatamodeld in Sources */,
				B0AB6148293290E00051A892 /* EditPackView.swift in Sources */,
				B0B7F0E32949C1E0004D4F8F /* ChangePasswordView1.swift in Sources */,
				B0C45219293FBBBC0045B43E /* UserAuthModel.swift in Sources */,
				B028634C2935467C0065E12F /* NewsViewModel.swift in Sources */,
				B0FE06C729492DFB001B97F7 /* Alerte.swift in Sources */,
				B0C31720295B826B005DE881 /* WebView.swift in Sources */,
				B0FE06B629492A7A001B97F7 /* MessagerieViewCotroller.swift in Sources */,
				B0ACC297292D6BD200EEE7A1 /* ControlLogin.swift in Sources */,
				B0A89D00292000C200BB6BEF /* UserViewModel.swift in Sources */,
				B0E519632947C8FD000EC275 /* BookedView.swift in Sources */,
				B0517A662944C05B002E7911 /* ScannerView.swift in Sources */,
				B0FE06B829492A7A001B97F7 /* CUserTableViewController.swift in Sources */,
				B0B1413C2945126700A6B636 /* CustomDatePicker.swift in Sources */,
				B05F5B01293EA02300A86FB8 /* RendezVousViewModel.swift in Sources */,
				B09D4C1D29360FCE007F662C /* CaseView.swift in Sources */,
				B07970EA291EAEB700E35121 /* EditProfileUView.swift in Sources */,
				8809CBE92916A28B0052B31E /* MemorizeApp.swift in Sources */,
				B0FE06C429492DA1001B97F7 /* DateUtils.swift in Sources */,
				14D05B49291DE0FF004D5448 /* ChosePackView.swift in Sources */,
				B0A89CF3291FC41500BB6BEF /* UserModel.swift in Sources */,
				B0AB6141293279D30051A892 /* Casemodel.swift in Sources */,
				72E6DEDE2919A88C00B2B644 /* ResetCodeView.swift in Sources */,
				B063F1F3292BC0020088B3CD /* HomeView.swift in Sources */,
				B07970EC291EBD3300E35121 /* ImagePicker.swift in Sources */,
				B0A131792931662200DC690F /* CategorieViewModel.swift in Sources */,
				B0E519642947C8FD000EC275 /* Home.swift in Sources */,
				B0B10D94293CF6E500CCF476 /* PackViewModel.swift in Sources */,
				B0B10D9B293D28A200CCF476 /* PopupView.swift in Sources */,
				B0C4523729401B860045B43E /* MessageMnager.swift in Sources */,
				B02863472935439D0065E12F /* NewsModel.swift in Sources */,
				B0FE06C529492DA1001B97F7 /* TableViewHelper.swift in Sources */,
				B0A13177293163EF00DC690F /* CategorieModel.swift in Sources */,
				B0FE06B929492A7A001B97F7 /* ChatView.swift in Sources */,
				B0A56B6C2926F07E00A6B137 /* RegisterAvocatView.swift in Sources */,
				B0AB614629327A390051A892 /* CaseViewModel.swift in Sources */,
				B0FE06BF29492CB4001B97F7 /* MessageModelView.swift in Sources */,
				B0FE06AA2948E19B001B97F7 /* CaseUserView.swift in Sources */,
				B029D7902947DBDC00391B1C /* GetByCategorieView.swift in Sources */,
				B0B14135294511F000A6B636 /* DateValue.swift in Sources */,
				B0C56D7D2922C3DE008CD804 /* ChangePasswordView.swift in Sources */,
				B0FE06DA29493EC7001B97F7 /* ChatsSwiftUIView.swift in Sources */,
				B0FE06DD29495C8A001B97F7 /* Setting.swift in Sources */,
				B0B141312944D27E00A6B636 /* ScanKit.swift in Sources */,
			);
			runOnlyForDeploymentPostprocessing = 0;
		};
/* End PBXSourcesBuildPhase section */

/* Begin XCBuildConfiguration section */
		8809CBF62916A28D0052B31E /* Debug */ = {
			isa = XCBuildConfiguration;
			buildSettings = {
				ALWAYS_SEARCH_USER_PATHS = NO;
				CLANG_ANALYZER_NONNULL = YES;
				CLANG_ANALYZER_NUMBER_OBJECT_CONVERSION = YES_AGGRESSIVE;
				CLANG_CXX_LANGUAGE_STANDARD = "gnu++17";
				CLANG_CXX_LIBRARY = "libc++";
				CLANG_ENABLE_MODULES = YES;
				CLANG_ENABLE_OBJC_ARC = YES;
				CLANG_ENABLE_OBJC_WEAK = YES;
				CLANG_WARN_BLOCK_CAPTURE_AUTORELEASING = YES;
				CLANG_WARN_BOOL_CONVERSION = YES;
				CLANG_WARN_COMMA = YES;
				CLANG_WARN_CONSTANT_CONVERSION = YES;
				CLANG_WARN_DEPRECATED_OBJC_IMPLEMENTATIONS = YES;
				CLANG_WARN_DIRECT_OBJC_ISA_USAGE = YES_ERROR;
				CLANG_WARN_DOCUMENTATION_COMMENTS = YES;
				CLANG_WARN_EMPTY_BODY = YES;
				CLANG_WARN_ENUM_CONVERSION = YES;
				CLANG_WARN_INFINITE_RECURSION = YES;
				CLANG_WARN_INT_CONVERSION = YES;
				CLANG_WARN_NON_LITERAL_NULL_CONVERSION = YES;
				CLANG_WARN_OBJC_IMPLICIT_RETAIN_SELF = YES;
				CLANG_WARN_OBJC_LITERAL_CONVERSION = YES;
				CLANG_WARN_OBJC_ROOT_CLASS = YES_ERROR;
				CLANG_WARN_QUOTED_INCLUDE_IN_FRAMEWORK_HEADER = YES;
				CLANG_WARN_RANGE_LOOP_ANALYSIS = YES;
				CLANG_WARN_STRICT_PROTOTYPES = YES;
				CLANG_WARN_SUSPICIOUS_MOVE = YES;
				CLANG_WARN_UNGUARDED_AVAILABILITY = YES_AGGRESSIVE;
				CLANG_WARN_UNREACHABLE_CODE = YES;
				CLANG_WARN__DUPLICATE_METHOD_MATCH = YES;
				COPY_PHASE_STRIP = NO;
				DEBUG_INFORMATION_FORMAT = dwarf;
				ENABLE_STRICT_OBJC_MSGSEND = YES;
				ENABLE_TESTABILITY = YES;
				GCC_C_LANGUAGE_STANDARD = gnu11;
				GCC_DYNAMIC_NO_PIC = NO;
				GCC_NO_COMMON_BLOCKS = YES;
				GCC_OPTIMIZATION_LEVEL = 0;
				GCC_PREPROCESSOR_DEFINITIONS = (
					"DEBUG=1",
					"$(inherited)",
				);
				GCC_WARN_64_TO_32_BIT_CONVERSION = YES;
				GCC_WARN_ABOUT_RETURN_TYPE = YES_ERROR;
				GCC_WARN_UNDECLARED_SELECTOR = YES;
				GCC_WARN_UNINITIALIZED_AUTOS = YES_AGGRESSIVE;
				GCC_WARN_UNUSED_FUNCTION = YES;
				GCC_WARN_UNUSED_VARIABLE = YES;
				IPHONEOS_DEPLOYMENT_TARGET = 15.2;
				MTL_ENABLE_DEBUG_INFO = INCLUDE_SOURCE;
				MTL_FAST_MATH = YES;
				ONLY_ACTIVE_ARCH = YES;
				SDKROOT = iphoneos;
				SWIFT_ACTIVE_COMPILATION_CONDITIONS = DEBUG;
				SWIFT_OPTIMIZATION_LEVEL = "-Onone";
			};
			name = Debug;
		};
		8809CBF72916A28D0052B31E /* Release */ = {
			isa = XCBuildConfiguration;
			buildSettings = {
				ALWAYS_SEARCH_USER_PATHS = NO;
				CLANG_ANALYZER_NONNULL = YES;
				CLANG_ANALYZER_NUMBER_OBJECT_CONVERSION = YES_AGGRESSIVE;
				CLANG_CXX_LANGUAGE_STANDARD = "gnu++17";
				CLANG_CXX_LIBRARY = "libc++";
				CLANG_ENABLE_MODULES = YES;
				CLANG_ENABLE_OBJC_ARC = YES;
				CLANG_ENABLE_OBJC_WEAK = YES;
				CLANG_WARN_BLOCK_CAPTURE_AUTORELEASING = YES;
				CLANG_WARN_BOOL_CONVERSION = YES;
				CLANG_WARN_COMMA = YES;
				CLANG_WARN_CONSTANT_CONVERSION = YES;
				CLANG_WARN_DEPRECATED_OBJC_IMPLEMENTATIONS = YES;
				CLANG_WARN_DIRECT_OBJC_ISA_USAGE = YES_ERROR;
				CLANG_WARN_DOCUMENTATION_COMMENTS = YES;
				CLANG_WARN_EMPTY_BODY = YES;
				CLANG_WARN_ENUM_CONVERSION = YES;
				CLANG_WARN_INFINITE_RECURSION = YES;
				CLANG_WARN_INT_CONVERSION = YES;
				CLANG_WARN_NON_LITERAL_NULL_CONVERSION = YES;
				CLANG_WARN_OBJC_IMPLICIT_RETAIN_SELF = YES;
				CLANG_WARN_OBJC_LITERAL_CONVERSION = YES;
				CLANG_WARN_OBJC_ROOT_CLASS = YES_ERROR;
				CLANG_WARN_QUOTED_INCLUDE_IN_FRAMEWORK_HEADER = YES;
				CLANG_WARN_RANGE_LOOP_ANALYSIS = YES;
				CLANG_WARN_STRICT_PROTOTYPES = YES;
				CLANG_WARN_SUSPICIOUS_MOVE = YES;
				CLANG_WARN_UNGUARDED_AVAILABILITY = YES_AGGRESSIVE;
				CLANG_WARN_UNREACHABLE_CODE = YES;
				CLANG_WARN__DUPLICATE_METHOD_MATCH = YES;
				COPY_PHASE_STRIP = NO;
				DEBUG_INFORMATION_FORMAT = "dwarf-with-dsym";
				ENABLE_NS_ASSERTIONS = NO;
				ENABLE_STRICT_OBJC_MSGSEND = YES;
				GCC_C_LANGUAGE_STANDARD = gnu11;
				GCC_NO_COMMON_BLOCKS = YES;
				GCC_WARN_64_TO_32_BIT_CONVERSION = YES;
				GCC_WARN_ABOUT_RETURN_TYPE = YES_ERROR;
				GCC_WARN_UNDECLARED_SELECTOR = YES;
				GCC_WARN_UNINITIALIZED_AUTOS = YES_AGGRESSIVE;
				GCC_WARN_UNUSED_FUNCTION = YES;
				GCC_WARN_UNUSED_VARIABLE = YES;
				IPHONEOS_DEPLOYMENT_TARGET = 15.2;
				MTL_ENABLE_DEBUG_INFO = NO;
				MTL_FAST_MATH = YES;
				SDKROOT = iphoneos;
				SWIFT_COMPILATION_MODE = wholemodule;
				SWIFT_OPTIMIZATION_LEVEL = "-O";
				VALIDATE_PRODUCT = YES;
			};
			name = Release;
		};
		8809CBF92916A28D0052B31E /* Debug */ = {
			isa = XCBuildConfiguration;
			baseConfigurationReference = D2DD281E967CF879FBE5A599 /* Pods-Memorize.debug.xcconfig */;
			buildSettings = {
				ASSETCATALOG_COMPILER_APPICON_NAME = AppIcon;
				ASSETCATALOG_COMPILER_GLOBAL_ACCENT_COLOR_NAME = AccentColor;
				CLANG_ENABLE_MODULES = YES;
				CODE_SIGN_IDENTITY = "Apple Development";
				CODE_SIGN_STYLE = Automatic;
				CURRENT_PROJECT_VERSION = 1;
				DEVELOPMENT_ASSET_PATHS = "\"Memorize/Preview Content\"";
				DEVELOPMENT_TEAM = 34C4534N6R;
				ENABLE_PREVIEWS = YES;
				GENERATE_INFOPLIST_FILE = YES;
				INFOPLIST_FILE = Memorize/Info.plist;
				INFOPLIST_KEY_LSApplicationCategoryType = "";
				INFOPLIST_KEY_NSPhotoLibraryAddUsageDescription = "";
				INFOPLIST_KEY_UIApplicationSceneManifest_Generation = YES;
				INFOPLIST_KEY_UIApplicationSupportsIndirectInputEvents = YES;
				INFOPLIST_KEY_UILaunchScreen_Generation = YES;
				INFOPLIST_KEY_UISupportedInterfaceOrientations_iPad = "UIInterfaceOrientationPortrait UIInterfaceOrientationPortraitUpsideDown UIInterfaceOrientationLandscapeLeft UIInterfaceOrientationLandscapeRight";
				INFOPLIST_KEY_UISupportedInterfaceOrientations_iPhone = "UIInterfaceOrientationPortrait UIInterfaceOrientationLandscapeLeft UIInterfaceOrientationLandscapeRight";
				LD_RUNPATH_SEARCH_PATHS = (
					"$(inherited)",
					"@executable_path/Frameworks",
				);
				MARKETING_VERSION = 1.0;
				PRODUCT_BUNDLE_IDENTIFIER = com.esprit.Memorize;
				PRODUCT_NAME = "$(TARGET_NAME)";
				PROVISIONING_PROFILE_SPECIFIER = "";
				SWIFT_EMIT_LOC_STRINGS = YES;
				SWIFT_OBJC_BRIDGING_HEADER = "Memorize/Login/ViewModels/Memorize-Bridging-Header.h";
				SWIFT_OPTIMIZATION_LEVEL = "-Onone";
				SWIFT_VERSION = 5.0;
				TARGETED_DEVICE_FAMILY = "1,2";
			};
			name = Debug;
		};
		8809CBFA2916A28D0052B31E /* Release */ = {
			isa = XCBuildConfiguration;
			baseConfigurationReference = E08665E15F1370014484462F /* Pods-Memorize.release.xcconfig */;
			buildSettings = {
				ASSETCATALOG_COMPILER_APPICON_NAME = AppIcon;
				ASSETCATALOG_COMPILER_GLOBAL_ACCENT_COLOR_NAME = AccentColor;
				CLANG_ENABLE_MODULES = YES;
				CODE_SIGN_IDENTITY = "Apple Development";
				CODE_SIGN_STYLE = Automatic;
				CURRENT_PROJECT_VERSION = 1;
				DEVELOPMENT_ASSET_PATHS = "\"Memorize/Preview Content\"";
				DEVELOPMENT_TEAM = 34C4534N6R;
				ENABLE_PREVIEWS = YES;
				GENERATE_INFOPLIST_FILE = YES;
				INFOPLIST_FILE = Memorize/Info.plist;
				INFOPLIST_KEY_LSApplicationCategoryType = "";
				INFOPLIST_KEY_NSPhotoLibraryAddUsageDescription = "";
				INFOPLIST_KEY_UIApplicationSceneManifest_Generation = YES;
				INFOPLIST_KEY_UIApplicationSupportsIndirectInputEvents = YES;
				INFOPLIST_KEY_UILaunchScreen_Generation = YES;
				INFOPLIST_KEY_UISupportedInterfaceOrientations_iPad = "UIInterfaceOrientationPortrait UIInterfaceOrientationPortraitUpsideDown UIInterfaceOrientationLandscapeLeft UIInterfaceOrientationLandscapeRight";
				INFOPLIST_KEY_UISupportedInterfaceOrientations_iPhone = "UIInterfaceOrientationPortrait UIInterfaceOrientationLandscapeLeft UIInterfaceOrientationLandscapeRight";
				LD_RUNPATH_SEARCH_PATHS = (
					"$(inherited)",
					"@executable_path/Frameworks",
				);
				MARKETING_VERSION = 1.0;
				PRODUCT_BUNDLE_IDENTIFIER = com.esprit.Memorize;
				PRODUCT_NAME = "$(TARGET_NAME)";
				PROVISIONING_PROFILE_SPECIFIER = "";
				SWIFT_EMIT_LOC_STRINGS = YES;
				SWIFT_OBJC_BRIDGING_HEADER = "Memorize/Login/ViewModels/Memorize-Bridging-Header.h";
				SWIFT_VERSION = 5.0;
				TARGETED_DEVICE_FAMILY = "1,2";
			};
			name = Release;
		};
/* End XCBuildConfiguration section */

/* Begin XCConfigurationList section */
		8809CBE02916A28B0052B31E /* Build configuration list for PBXProject "Memorize" */ = {
			isa = XCConfigurationList;
			buildConfigurations = (
				8809CBF62916A28D0052B31E /* Debug */,
				8809CBF72916A28D0052B31E /* Release */,
			);
			defaultConfigurationIsVisible = 0;
			defaultConfigurationName = Release;
		};
		8809CBF82916A28D0052B31E /* Build configuration list for PBXNativeTarget "Memorize" */ = {
			isa = XCConfigurationList;
			buildConfigurations = (
				8809CBF92916A28D0052B31E /* Debug */,
				8809CBFA2916A28D0052B31E /* Release */,
			);
			defaultConfigurationIsVisible = 0;
			defaultConfigurationName = Release;
		};
/* End XCConfigurationList section */

/* Begin XCRemoteSwiftPackageReference section */
		B0A131702931609F00DC690F /* XCRemoteSwiftPackageReference "SDWebImageSwiftUI" */ = {
			isa = XCRemoteSwiftPackageReference;
			repositoryURL = "https://github.com/SDWebImage/SDWebImageSwiftUI.git";
			requirement = {
				kind = upToNextMajorVersion;
				minimumVersion = 2.0.0;
			};
		};
		B0A13173293161BC00DC690F /* XCRemoteSwiftPackageReference "SwiftyJSON" */ = {
			isa = XCRemoteSwiftPackageReference;
			repositoryURL = "https://github.com/SwiftyJSON/SwiftyJSON.git";
			requirement = {
				kind = upToNextMajorVersion;
				minimumVersion = 5.0.0;
			};
		};
		B0A56B682926D7C800A6B137 /* XCRemoteSwiftPackageReference "SwiftUIX" */ = {
			isa = XCRemoteSwiftPackageReference;
			repositoryURL = "https://github.com/SwiftUIX/SwiftUIX.git";
			requirement = {
				branch = master;
				kind = branch;
			};
		};
		B0A89CFC291FE2F600BB6BEF /* XCRemoteSwiftPackageReference "Alamofire" */ = {
			isa = XCRemoteSwiftPackageReference;
			repositoryURL = "https://github.com/Alamofire/Alamofire.git";
			requirement = {
				kind = upToNextMajorVersion;
				minimumVersion = 5.0.0;
			};
		};
		B0AB61492932B4290051A892 /* XCRemoteSwiftPackageReference "AlamofireImage" */ = {
			isa = XCRemoteSwiftPackageReference;
			repositoryURL = "https://github.com/Alamofire/AlamofireImage.git";
			requirement = {
				kind = upToNextMajorVersion;
				minimumVersion = 4.0.0;
			};
		};
		B0C45216293FB4A30045B43E /* XCRemoteSwiftPackageReference "GoogleSignIn-iOS" */ = {
			isa = XCRemoteSwiftPackageReference;
			repositoryURL = "https://github.com/google/GoogleSignIn-iOS";
			requirement = {
				kind = upToNextMajorVersion;
				minimumVersion = 6.0.0;
			};
		};
		B0FE06E029495E22001B97F7 /* XCRemoteSwiftPackageReference "rive-ios" */ = {
			isa = XCRemoteSwiftPackageReference;
			repositoryURL = "https://github.com/rive-app/rive-ios";
			requirement = {
				branch = main;
				kind = branch;
			};
		};
/* End XCRemoteSwiftPackageReference section */

/* Begin XCSwiftPackageProductDependency section */
		B0A131712931609F00DC690F /* SDWebImageSwiftUI */ = {
			isa = XCSwiftPackageProductDependency;
			package = B0A131702931609F00DC690F /* XCRemoteSwiftPackageReference "SDWebImageSwiftUI" */;
			productName = SDWebImageSwiftUI;
		};
		B0A13174293161BC00DC690F /* SwiftyJSON */ = {
			isa = XCSwiftPackageProductDependency;
			package = B0A13173293161BC00DC690F /* XCRemoteSwiftPackageReference "SwiftyJSON" */;
			productName = SwiftyJSON;
		};
		B0A56B692926D7C800A6B137 /* SwiftUIX */ = {
			isa = XCSwiftPackageProductDependency;
			package = B0A56B682926D7C800A6B137 /* XCRemoteSwiftPackageReference "SwiftUIX" */;
			productName = SwiftUIX;
		};
		B0A89CFD291FE2F600BB6BEF /* Alamofire */ = {
			isa = XCSwiftPackageProductDependency;
			package = B0A89CFC291FE2F600BB6BEF /* XCRemoteSwiftPackageReference "Alamofire" */;
			productName = Alamofire;
		};
		B0AB614A2932B4290051A892 /* AlamofireImage */ = {
			isa = XCSwiftPackageProductDependency;
			package = B0AB61492932B4290051A892 /* XCRemoteSwiftPackageReference "AlamofireImage" */;
			productName = AlamofireImage;
		};
		B0FE06E129495E22001B97F7 /* RiveRuntime */ = {
			isa = XCSwiftPackageProductDependency;
			package = B0FE06E029495E22001B97F7 /* XCRemoteSwiftPackageReference "rive-ios" */;
			productName = RiveRuntime;
		};
/* End XCSwiftPackageProductDependency section */

/* Begin XCVersionGroup section */
		8809CBF32916A28D0052B31E /* Memorize.xcdatamodeld */ = {
			isa = XCVersionGroup;
			children = (
				8809CBF42916A28D0052B31E /* Memorize.xcdatamodel */,
			);
			currentVersion = 8809CBF42916A28D0052B31E /* Memorize.xcdatamodel */;
			path = Memorize.xcdatamodeld;
			sourceTree = "<group>";
			versionGroupType = wrapper.xcdatamodel;
		};
/* End XCVersionGroup section */
	};
	rootObject = 8809CBDD2916A28B0052B31E /* Project object */;
}
