// !$*UTF8*$!
{
	archiveVersion = 1;
	classes = {
	};
	objectVersion = 55;
	objects = {

/* Begin PBXBuildFile section */
		14D05B49291DE0FF004D5448 /* ChosePackView.swift in Sources */ = {isa = PBXBuildFile; fileRef = 14D05B48291DE0FF004D5448 /* ChosePackView.swift */; };
		72E6DED62919733700B2B644 /* LoginView.swift in Sources */ = {isa = PBXBuildFile; fileRef = 72E6DED52919733700B2B644 /* LoginView.swift */; };
		72E6DEDA29198C4200B2B644 /* RegisterCView.swift in Sources */ = {isa = PBXBuildFile; fileRef = 72E6DED929198C4200B2B644 /* RegisterCView.swift */; };
		72E6DEDC29199F0200B2B644 /* ForgetView.swift in Sources */ = {isa = PBXBuildFile; fileRef = 72E6DEDB29199F0200B2B644 /* ForgetView.swift */; };
		72E6DEDE2919A88C00B2B644 /* ResetCodeView.swift in Sources */ = {isa = PBXBuildFile; fileRef = 72E6DEDD2919A88C00B2B644 /* ResetCodeView.swift */; };
		8809CBE92916A28B0052B31E /* MemorizeApp.swift in Sources */ = {isa = PBXBuildFile; fileRef = 8809CBE82916A28B0052B31E /* MemorizeApp.swift */; };
		8809CBEB2916A28B0052B31E /* ContentView.swift in Sources */ = {isa = PBXBuildFile; fileRef = 8809CBEA2916A28B0052B31E /* ContentView.swift */; };
		8809CBED2916A28D0052B31E /* Assets.xcassets in Resources */ = {isa = PBXBuildFile; fileRef = 8809CBEC2916A28D0052B31E /* Assets.xcassets */; };
		8809CBF02916A28D0052B31E /* Preview Assets.xcassets in Resources */ = {isa = PBXBuildFile; fileRef = 8809CBEF2916A28D0052B31E /* Preview Assets.xcassets */; };
		8809CBF22916A28D0052B31E /* Persistence.swift in Sources */ = {isa = PBXBuildFile; fileRef = 8809CBF12916A28D0052B31E /* Persistence.swift */; };
		8809CBF52916A28D0052B31E /* Memorize.xcdatamodeld in Sources */ = {isa = PBXBuildFile; fileRef = 8809CBF32916A28D0052B31E /* Memorize.xcdatamodeld */; };
		B02863472935439D0065E12F /* NewsModel.swift in Sources */ = {isa = PBXBuildFile; fileRef = B02863462935439D0065E12F /* NewsModel.swift */; };
		B028634C2935467C0065E12F /* NewsViewModel.swift in Sources */ = {isa = PBXBuildFile; fileRef = B028634B2935467C0065E12F /* NewsViewModel.swift */; };
		B063F1F3292BC0020088B3CD /* HomeView.swift in Sources */ = {isa = PBXBuildFile; fileRef = B063F1F2292BC0020088B3CD /* HomeView.swift */; };
		B063F1F5292BD4A70088B3CD /* Fonts in Resources */ = {isa = PBXBuildFile; fileRef = B063F1F4292BD4A70088B3CD /* Fonts */; };
		B063F1F7292C4B770088B3CD /* CategorieView.swift in Sources */ = {isa = PBXBuildFile; fileRef = B063F1F6292C4B770088B3CD /* CategorieView.swift */; };
		B07970EA291EAEB700E35121 /* EditProfileUView.swift in Sources */ = {isa = PBXBuildFile; fileRef = B07970E9291EAEB700E35121 /* EditProfileUView.swift */; };
		B07970EC291EBD3300E35121 /* ImagePicker.swift in Sources */ = {isa = PBXBuildFile; fileRef = B07970EB291EBD3300E35121 /* ImagePicker.swift */; };
		B09D4C1D29360FCE007F662C /* CaseView.swift in Sources */ = {isa = PBXBuildFile; fileRef = B09D4C1C29360FCE007F662C /* CaseView.swift */; };
		B09D4C1F2936B7D4007F662C /* AddCaseView.swift in Sources */ = {isa = PBXBuildFile; fileRef = B09D4C1E2936B7D4007F662C /* AddCaseView.swift */; };
		B0A1316929310B4100DC690F /* HomeAvocatView.swift in Sources */ = {isa = PBXBuildFile; fileRef = B0A1316829310B4100DC690F /* HomeAvocatView.swift */; };
		B0A131722931609F00DC690F /* SDWebImageSwiftUI in Frameworks */ = {isa = PBXBuildFile; productRef = B0A131712931609F00DC690F /* SDWebImageSwiftUI */; };
		B0A13175293161BC00DC690F /* SwiftyJSON in Frameworks */ = {isa = PBXBuildFile; productRef = B0A13174293161BC00DC690F /* SwiftyJSON */; };
		B0A13177293163EF00DC690F /* CategorieModel.swift in Sources */ = {isa = PBXBuildFile; fileRef = B0A13176293163EF00DC690F /* CategorieModel.swift */; };
		B0A131792931662200DC690F /* CategorieViewModel.swift in Sources */ = {isa = PBXBuildFile; fileRef = B0A131782931662200DC690F /* CategorieViewModel.swift */; };
		B0A1D996291D695B0032C19D /* ProfileView.swift in Sources */ = {isa = PBXBuildFile; fileRef = B0A1D995291D695B0032C19D /* ProfileView.swift */; };
		B0A56B6A2926D7C800A6B137 /* SwiftUIX in Frameworks */ = {isa = PBXBuildFile; productRef = B0A56B692926D7C800A6B137 /* SwiftUIX */; };
		B0A56B6C2926F07E00A6B137 /* RegisterAvocatView.swift in Sources */ = {isa = PBXBuildFile; fileRef = B0A56B6B2926F07E00A6B137 /* RegisterAvocatView.swift */; };
		B0A89CF3291FC41500BB6BEF /* UserModel.swift in Sources */ = {isa = PBXBuildFile; fileRef = B0A89CF2291FC41500BB6BEF /* UserModel.swift */; };
		B0A89CFE291FE2F600BB6BEF /* Alamofire in Frameworks */ = {isa = PBXBuildFile; productRef = B0A89CFD291FE2F600BB6BEF /* Alamofire */; };
		B0A89D00292000C200BB6BEF /* UserViewModel.swift in Sources */ = {isa = PBXBuildFile; fileRef = B0A89CFF292000C200BB6BEF /* UserViewModel.swift */; };
		B0A8E141293B92CC00E05632 /* SideBar.swift in Sources */ = {isa = PBXBuildFile; fileRef = B0A8E140293B92CC00E05632 /* SideBar.swift */; };
		B0A8E146293B9E0700E05632 /* baseView.swift in Sources */ = {isa = PBXBuildFile; fileRef = B0A8E145293B9E0700E05632 /* baseView.swift */; };
		B0AB6141293279D30051A892 /* Casemodel.swift in Sources */ = {isa = PBXBuildFile; fileRef = B0AB6140293279D30051A892 /* Casemodel.swift */; };
		B0AB614629327A390051A892 /* CaseViewModel.swift in Sources */ = {isa = PBXBuildFile; fileRef = B0AB614529327A390051A892 /* CaseViewModel.swift */; };
		B0AB6148293290E00051A892 /* EditPackView.swift in Sources */ = {isa = PBXBuildFile; fileRef = B0AB6147293290E00051A892 /* EditPackView.swift */; };
		B0AB614B2932B4290051A892 /* AlamofireImage in Frameworks */ = {isa = PBXBuildFile; productRef = B0AB614A2932B4290051A892 /* AlamofireImage */; };
		B0ACC297292D6BD200EEE7A1 /* ControlLogin.swift in Sources */ = {isa = PBXBuildFile; fileRef = B0ACC296292D6BD200EEE7A1 /* ControlLogin.swift */; };
		B0C56D7D2922C3DE008CD804 /* ChangePasswordView.swift in Sources */ = {isa = PBXBuildFile; fileRef = B0C56D7C2922C3DE008CD804 /* ChangePasswordView.swift */; };
/* End PBXBuildFile section */

/* Begin PBXFileReference section */
		14D05B48291DE0FF004D5448 /* ChosePackView.swift */ = {isa = PBXFileReference; lastKnownFileType = sourcecode.swift; path = ChosePackView.swift; sourceTree = "<group>"; };
		72E6DED52919733700B2B644 /* LoginView.swift */ = {isa = PBXFileReference; lastKnownFileType = sourcecode.swift; path = LoginView.swift; sourceTree = "<group>"; };
		72E6DED929198C4200B2B644 /* RegisterCView.swift */ = {isa = PBXFileReference; lastKnownFileType = sourcecode.swift; path = RegisterCView.swift; sourceTree = "<group>"; };
		72E6DEDB29199F0200B2B644 /* ForgetView.swift */ = {isa = PBXFileReference; lastKnownFileType = sourcecode.swift; path = ForgetView.swift; sourceTree = "<group>"; };
		72E6DEDD2919A88C00B2B644 /* ResetCodeView.swift */ = {isa = PBXFileReference; lastKnownFileType = sourcecode.swift; path = ResetCodeView.swift; sourceTree = "<group>"; };
		8809CBE52916A28B0052B31E /* Memorize.app */ = {isa = PBXFileReference; explicitFileType = wrapper.application; includeInIndex = 0; path = Memorize.app; sourceTree = BUILT_PRODUCTS_DIR; };
		8809CBE82916A28B0052B31E /* MemorizeApp.swift */ = {isa = PBXFileReference; lastKnownFileType = sourcecode.swift; path = MemorizeApp.swift; sourceTree = "<group>"; };
		8809CBEA2916A28B0052B31E /* ContentView.swift */ = {isa = PBXFileReference; lastKnownFileType = sourcecode.swift; path = ContentView.swift; sourceTree = "<group>"; };
		8809CBEC2916A28D0052B31E /* Assets.xcassets */ = {isa = PBXFileReference; lastKnownFileType = folder.assetcatalog; path = Assets.xcassets; sourceTree = "<group>"; };
		8809CBEF2916A28D0052B31E /* Preview Assets.xcassets */ = {isa = PBXFileReference; lastKnownFileType = folder.assetcatalog; path = "Preview Assets.xcassets"; sourceTree = "<group>"; };
		8809CBF12916A28D0052B31E /* Persistence.swift */ = {isa = PBXFileReference; lastKnownFileType = sourcecode.swift; path = Persistence.swift; sourceTree = "<group>"; };
		8809CBF42916A28D0052B31E /* Memorize.xcdatamodel */ = {isa = PBXFileReference; lastKnownFileType = wrapper.xcdatamodel; path = Memorize.xcdatamodel; sourceTree = "<group>"; };
		B02863462935439D0065E12F /* NewsModel.swift */ = {isa = PBXFileReference; lastKnownFileType = sourcecode.swift; path = NewsModel.swift; sourceTree = "<group>"; };
		B028634B2935467C0065E12F /* NewsViewModel.swift */ = {isa = PBXFileReference; lastKnownFileType = sourcecode.swift; path = NewsViewModel.swift; sourceTree = "<group>"; };
		B063F1F2292BC0020088B3CD /* HomeView.swift */ = {isa = PBXFileReference; lastKnownFileType = sourcecode.swift; path = HomeView.swift; sourceTree = "<group>"; };
		B063F1F4292BD4A70088B3CD /* Fonts */ = {isa = PBXFileReference; lastKnownFileType = folder; name = Fonts; path = "../../../Downloads/Furniture-Shop-App-UI-SwiftUI-main/Furniture_app/Fonts"; sourceTree = "<group>"; };
		B063F1F6292C4B770088B3CD /* CategorieView.swift */ = {isa = PBXFileReference; lastKnownFileType = sourcecode.swift; path = CategorieView.swift; sourceTree = "<group>"; };
		B07970E9291EAEB700E35121 /* EditProfileUView.swift */ = {isa = PBXFileReference; lastKnownFileType = sourcecode.swift; path = EditProfileUView.swift; sourceTree = "<group>"; };
		B07970EB291EBD3300E35121 /* ImagePicker.swift */ = {isa = PBXFileReference; lastKnownFileType = sourcecode.swift; path = ImagePicker.swift; sourceTree = "<group>"; };
		B09D4C1C29360FCE007F662C /* CaseView.swift */ = {isa = PBXFileReference; lastKnownFileType = sourcecode.swift; path = CaseView.swift; sourceTree = "<group>"; };
		B09D4C1E2936B7D4007F662C /* AddCaseView.swift */ = {isa = PBXFileReference; lastKnownFileType = sourcecode.swift; path = AddCaseView.swift; sourceTree = "<group>"; };
		B0A1316829310B4100DC690F /* HomeAvocatView.swift */ = {isa = PBXFileReference; lastKnownFileType = sourcecode.swift; path = HomeAvocatView.swift; sourceTree = "<group>"; };
		B0A13176293163EF00DC690F /* CategorieModel.swift */ = {isa = PBXFileReference; lastKnownFileType = sourcecode.swift; path = CategorieModel.swift; sourceTree = "<group>"; };
		B0A131782931662200DC690F /* CategorieViewModel.swift */ = {isa = PBXFileReference; lastKnownFileType = sourcecode.swift; path = CategorieViewModel.swift; sourceTree = "<group>"; };
		B0A1D995291D695B0032C19D /* ProfileView.swift */ = {isa = PBXFileReference; lastKnownFileType = sourcecode.swift; path = ProfileView.swift; sourceTree = "<group>"; };
		B0A56B6B2926F07E00A6B137 /* RegisterAvocatView.swift */ = {isa = PBXFileReference; lastKnownFileType = sourcecode.swift; path = RegisterAvocatView.swift; sourceTree = "<group>"; };
		B0A89CF2291FC41500BB6BEF /* UserModel.swift */ = {isa = PBXFileReference; lastKnownFileType = sourcecode.swift; path = UserModel.swift; sourceTree = "<group>"; };
		B0A89CFF292000C200BB6BEF /* UserViewModel.swift */ = {isa = PBXFileReference; lastKnownFileType = sourcecode.swift; path = UserViewModel.swift; sourceTree = "<group>"; };
		B0A8E140293B92CC00E05632 /* SideBar.swift */ = {isa = PBXFileReference; lastKnownFileType = sourcecode.swift; path = SideBar.swift; sourceTree = "<group>"; };
		B0A8E145293B9E0700E05632 /* baseView.swift */ = {isa = PBXFileReference; lastKnownFileType = sourcecode.swift; path = baseView.swift; sourceTree = "<group>"; };
		B0AB6140293279D30051A892 /* Casemodel.swift */ = {isa = PBXFileReference; lastKnownFileType = sourcecode.swift; path = Casemodel.swift; sourceTree = "<group>"; };
		B0AB614529327A390051A892 /* CaseViewModel.swift */ = {isa = PBXFileReference; lastKnownFileType = sourcecode.swift; path = CaseViewModel.swift; sourceTree = "<group>"; };
		B0AB6147293290E00051A892 /* EditPackView.swift */ = {isa = PBXFileReference; lastKnownFileType = sourcecode.swift; path = EditPackView.swift; sourceTree = "<group>"; };
		B0ACC296292D6BD200EEE7A1 /* ControlLogin.swift */ = {isa = PBXFileReference; lastKnownFileType = sourcecode.swift; path = ControlLogin.swift; sourceTree = "<group>"; };
		B0C56D7C2922C3DE008CD804 /* ChangePasswordView.swift */ = {isa = PBXFileReference; lastKnownFileType = sourcecode.swift; path = ChangePasswordView.swift; sourceTree = "<group>"; };
/* End PBXFileReference section */

/* Begin PBXFrameworksBuildPhase section */
		8809CBE22916A28B0052B31E /* Frameworks */ = {
			isa = PBXFrameworksBuildPhase;
			buildActionMask = 2147483647;
			files = (
				B0A131722931609F00DC690F /* SDWebImageSwiftUI in Frameworks */,
				B0A89CFE291FE2F600BB6BEF /* Alamofire in Frameworks */,
				B0AB614B2932B4290051A892 /* AlamofireImage in Frameworks */,
				B0A13175293161BC00DC690F /* SwiftyJSON in Frameworks */,
				B0A56B6A2926D7C800A6B137 /* SwiftUIX in Frameworks */,
			);
			runOnlyForDeploymentPostprocessing = 0;
		};
/* End PBXFrameworksBuildPhase section */

/* Begin PBXGroup section */
		06BA7F9F2916F94700DDBDFF /* Login */ = {
			isa = PBXGroup;
			children = (
				B0A89CF1291FC38800BB6BEF /* Models */,
				B07970F4291EDFA700E35121 /* ViewModels */,
				72E6DEE02919B12300B2B644 /* Views */,
			);
			path = Login;
			sourceTree = "<group>";
		};
		72E6DEE02919B12300B2B644 /* Views */ = {
			isa = PBXGroup;
			children = (
				B09D4C1B29360EC6007F662C /* Case */,
				B0A1316F29310EDE00DC690F /* User */,
				B0A1316A29310BA000DC690F /* Home */,
				B07970ED291EBD5C00E35121 /* utils */,
				B0A56B6B2926F07E00A6B137 /* RegisterAvocatView.swift */,
				B0A1D995291D695B0032C19D /* ProfileView.swift */,
				14D05B48291DE0FF004D5448 /* ChosePackView.swift */,
				B063F1F6292C4B770088B3CD /* CategorieView.swift */,
			);
			path = Views;
			sourceTree = "<group>";
		};
		8809CBDC2916A28B0052B31E = {
			isa = PBXGroup;
			children = (
				8809CBE72916A28B0052B31E /* Memorize */,
				8809CBE62916A28B0052B31E /* Products */,
			);
			sourceTree = "<group>";
		};
		8809CBE62916A28B0052B31E /* Products */ = {
			isa = PBXGroup;
			children = (
				8809CBE52916A28B0052B31E /* Memorize.app */,
			);
			name = Products;
			sourceTree = "<group>";
		};
		8809CBE72916A28B0052B31E /* Memorize */ = {
			isa = PBXGroup;
			children = (
				06BA7F9F2916F94700DDBDFF /* Login */,
				8809CBE82916A28B0052B31E /* MemorizeApp.swift */,
				72E6DEDD2919A88C00B2B644 /* ResetCodeView.swift */,
				8809CBEA2916A28B0052B31E /* ContentView.swift */,
				8809CBEC2916A28D0052B31E /* Assets.xcassets */,
				B063F1F4292BD4A70088B3CD /* Fonts */,
				8809CBF12916A28D0052B31E /* Persistence.swift */,
				8809CBF32916A28D0052B31E /* Memorize.xcdatamodeld */,
				8809CBEE2916A28D0052B31E /* Preview Content */,
			);
			path = Memorize;
			sourceTree = "<group>";
		};
		8809CBEE2916A28D0052B31E /* Preview Content */ = {
			isa = PBXGroup;
			children = (
				8809CBEF2916A28D0052B31E /* Preview Assets.xcassets */,
			);
			path = "Preview Content";
			sourceTree = "<group>";
		};
		B07970ED291EBD5C00E35121 /* utils */ = {
			isa = PBXGroup;
			children = (
				B0ACC296292D6BD200EEE7A1 /* ControlLogin.swift */,
				B07970EB291EBD3300E35121 /* ImagePicker.swift */,
				B0AB6147293290E00051A892 /* EditPackView.swift */,
				B0A8E145293B9E0700E05632 /* baseView.swift */,
			);
			path = utils;
			sourceTree = "<group>";
		};
		B07970F4291EDFA700E35121 /* ViewModels */ = {
			isa = PBXGroup;
			children = (
				B0A89CFF292000C200BB6BEF /* UserViewModel.swift */,
				B0A131782931662200DC690F /* CategorieViewModel.swift */,
				B0AB614529327A390051A892 /* CaseViewModel.swift */,
				B028634B2935467C0065E12F /* NewsViewModel.swift */,
			);
			path = ViewModels;
			sourceTree = "<group>";
		};
		B09D4C1B29360EC6007F662C /* Case */ = {
			isa = PBXGroup;
			children = (
				B09D4C1C29360FCE007F662C /* CaseView.swift */,
				B09D4C1E2936B7D4007F662C /* AddCaseView.swift */,
			);
			path = Case;
			sourceTree = "<group>";
		};
		B0A1316A29310BA000DC690F /* Home */ = {
			isa = PBXGroup;
			children = (
				B0A1316829310B4100DC690F /* HomeAvocatView.swift */,
				B063F1F2292BC0020088B3CD /* HomeView.swift */,
				B0A8E140293B92CC00E05632 /* SideBar.swift */,
			);
			path = Home;
			sourceTree = "<group>";
		};
		B0A1316F29310EDE00DC690F /* User */ = {
			isa = PBXGroup;
			children = (
				72E6DEDB29199F0200B2B644 /* ForgetView.swift */,
				B0C56D7C2922C3DE008CD804 /* ChangePasswordView.swift */,
				72E6DED52919733700B2B644 /* LoginView.swift */,
				B07970E9291EAEB700E35121 /* EditProfileUView.swift */,
				72E6DED929198C4200B2B644 /* RegisterCView.swift */,
			);
			path = User;
			sourceTree = "<group>";
		};
		B0A89CF1291FC38800BB6BEF /* Models */ = {
			isa = PBXGroup;
			children = (
				B0A89CF2291FC41500BB6BEF /* UserModel.swift */,
				B0A13176293163EF00DC690F /* CategorieModel.swift */,
				B0AB6140293279D30051A892 /* Casemodel.swift */,
				B02863462935439D0065E12F /* NewsModel.swift */,
			);
			path = Models;
			sourceTree = "<group>";
		};
/* End PBXGroup section */

/* Begin PBXNativeTarget section */
		8809CBE42916A28B0052B31E /* Memorize */ = {
			isa = PBXNativeTarget;
			buildConfigurationList = 8809CBF82916A28D0052B31E /* Build configuration list for PBXNativeTarget "Memorize" */;
			buildPhases = (
				8809CBE12916A28B0052B31E /* Sources */,
				8809CBE22916A28B0052B31E /* Frameworks */,
				8809CBE32916A28B0052B31E /* Resources */,
			);
			buildRules = (
			);
			dependencies = (
			);
			name = Memorize;
			packageProductDependencies = (
				B0A89CFD291FE2F600BB6BEF /* Alamofire */,
				B0A56B692926D7C800A6B137 /* SwiftUIX */,
				B0A131712931609F00DC690F /* SDWebImageSwiftUI */,
				B0A13174293161BC00DC690F /* SwiftyJSON */,
				B0AB614A2932B4290051A892 /* AlamofireImage */,
			);
			productName = Memorize;
			productReference = 8809CBE52916A28B0052B31E /* Memorize.app */;
			productType = "com.apple.product-type.application";
		};
/* End PBXNativeTarget section */

/* Begin PBXProject section */
		8809CBDD2916A28B0052B31E /* Project object */ = {
			isa = PBXProject;
			attributes = {
				BuildIndependentTargetsInParallel = 1;
				LastSwiftUpdateCheck = 1320;
				LastUpgradeCheck = 1320;
				TargetAttributes = {
					8809CBE42916A28B0052B31E = {
						CreatedOnToolsVersion = 13.2.1;
						LastSwiftMigration = 1410;
					};
				};
			};
			buildConfigurationList = 8809CBE02916A28B0052B31E /* Build configuration list for PBXProject "Memorize" */;
			compatibilityVersion = "Xcode 13.0";
			developmentRegion = en;
			hasScannedForEncodings = 0;
			knownRegions = (
				en,
				Base,
			);
			mainGroup = 8809CBDC2916A28B0052B31E;
			packageReferences = (
				B0A89CFC291FE2F600BB6BEF /* XCRemoteSwiftPackageReference "Alamofire" */,
				B0A56B682926D7C800A6B137 /* XCRemoteSwiftPackageReference "SwiftUIX" */,
				B0A131702931609F00DC690F /* XCRemoteSwiftPackageReference "SDWebImageSwiftUI" */,
				B0A13173293161BC00DC690F /* XCRemoteSwiftPackageReference "SwiftyJSON" */,
				B0AB61492932B4290051A892 /* XCRemoteSwiftPackageReference "AlamofireImage" */,
			);
			productRefGroup = 8809CBE62916A28B0052B31E /* Products */;
			projectDirPath = "";
			projectRoot = "";
			targets = (
				8809CBE42916A28B0052B31E /* Memorize */,
			);
		};
/* End PBXProject section */

/* Begin PBXResourcesBuildPhase section */
		8809CBE32916A28B0052B31E /* Resources */ = {
			isa = PBXResourcesBuildPhase;
			buildActionMask = 2147483647;
			files = (
				B063F1F5292BD4A70088B3CD /* Fonts in Resources */,
				8809CBF02916A28D0052B31E /* Preview Assets.xcassets in Resources */,
				8809CBED2916A28D0052B31E /* Assets.xcassets in Resources */,
			);
			runOnlyForDeploymentPostprocessing = 0;
		};
/* End PBXResourcesBuildPhase section */

/* Begin PBXSourcesBuildPhase section */
		8809CBE12916A28B0052B31E /* Sources */ = {
			isa = PBXSourcesBuildPhase;
			buildActionMask = 2147483647;
			files = (
				8809CBF22916A28D0052B31E /* Persistence.swift in Sources */,
				B0A1316929310B4100DC690F /* HomeAvocatView.swift in Sources */,
				B0A8E141293B92CC00E05632 /* SideBar.swift in Sources */,
				B09D4C1F2936B7D4007F662C /* AddCaseView.swift in Sources */,
				B0A1D996291D695B0032C19D /* ProfileView.swift in Sources */,
				72E6DEDC29199F0200B2B644 /* ForgetView.swift in Sources */,
				72E6DEDA29198C4200B2B644 /* RegisterCView.swift in Sources */,
				72E6DED62919733700B2B644 /* LoginView.swift in Sources */,
				B0A8E146293B9E0700E05632 /* baseView.swift in Sources */,
				8809CBF52916A28D0052B31E /* Memorize.xcdatamodeld in Sources */,
				B0AB6148293290E00051A892 /* EditPackView.swift in Sources */,
				8809CBEB2916A28B0052B31E /* ContentView.swift in Sources */,
				B028634C2935467C0065E12F /* NewsViewModel.swift in Sources */,
				B0ACC297292D6BD200EEE7A1 /* ControlLogin.swift in Sources */,
				B0A89D00292000C200BB6BEF /* UserViewModel.swift in Sources */,
				B09D4C1D29360FCE007F662C /* CaseView.swift in Sources */,
				B07970EA291EAEB700E35121 /* EditProfileUView.swift in Sources */,
				8809CBE92916A28B0052B31E /* MemorizeApp.swift in Sources */,
				14D05B49291DE0FF004D5448 /* ChosePackView.swift in Sources */,
				B0A89CF3291FC41500BB6BEF /* UserModel.swift in Sources */,
				B0AB6141293279D30051A892 /* Casemodel.swift in Sources */,
				72E6DEDE2919A88C00B2B644 /* ResetCodeView.swift in Sources */,
				B063F1F3292BC0020088B3CD /* HomeView.swift in Sources */,
				B07970EC291EBD3300E35121 /* ImagePicker.swift in Sources */,
				B0A131792931662200DC690F /* CategorieViewModel.swift in Sources */,
				B02863472935439D0065E12F /* NewsModel.swift in Sources */,
				B0A13177293163EF00DC690F /* CategorieModel.swift in Sources */,
				B0A56B6C2926F07E00A6B137 /* RegisterAvocatView.swift in Sources */,
				B0AB614629327A390051A892 /* CaseViewModel.swift in Sources */,
				B0C56D7D2922C3DE008CD804 /* ChangePasswordView.swift in Sources */,
				B063F1F7292C4B770088B3CD /* CategorieView.swift in Sources */,
			);
			runOnlyForDeploymentPostprocessing = 0;
		};
/* End PBXSourcesBuildPhase section */

/* Begin XCBuildConfiguration section */
		8809CBF62916A28D0052B31E /* Debug */ = {
			isa = XCBuildConfiguration;
			buildSettings = {
				ALWAYS_SEARCH_USER_PATHS = NO;
				CLANG_ANALYZER_NONNULL = YES;
				CLANG_ANALYZER_NUMBER_OBJECT_CONVERSION = YES_AGGRESSIVE;
				CLANG_CXX_LANGUAGE_STANDARD = "gnu++17";
				CLANG_CXX_LIBRARY = "libc++";
				CLANG_ENABLE_MODULES = YES;
				CLANG_ENABLE_OBJC_ARC = YES;
				CLANG_ENABLE_OBJC_WEAK = YES;
				CLANG_WARN_BLOCK_CAPTURE_AUTORELEASING = YES;
				CLANG_WARN_BOOL_CONVERSION = YES;
				CLANG_WARN_COMMA = YES;
				CLANG_WARN_CONSTANT_CONVERSION = YES;
				CLANG_WARN_DEPRECATED_OBJC_IMPLEMENTATIONS = YES;
				CLANG_WARN_DIRECT_OBJC_ISA_USAGE = YES_ERROR;
				CLANG_WARN_DOCUMENTATION_COMMENTS = YES;
				CLANG_WARN_EMPTY_BODY = YES;
				CLANG_WARN_ENUM_CONVERSION = YES;
				CLANG_WARN_INFINITE_RECURSION = YES;
				CLANG_WARN_INT_CONVERSION = YES;
				CLANG_WARN_NON_LITERAL_NULL_CONVERSION = YES;
				CLANG_WARN_OBJC_IMPLICIT_RETAIN_SELF = YES;
				CLANG_WARN_OBJC_LITERAL_CONVERSION = YES;
				CLANG_WARN_OBJC_ROOT_CLASS = YES_ERROR;
				CLANG_WARN_QUOTED_INCLUDE_IN_FRAMEWORK_HEADER = YES;
				CLANG_WARN_RANGE_LOOP_ANALYSIS = YES;
				CLANG_WARN_STRICT_PROTOTYPES = YES;
				CLANG_WARN_SUSPICIOUS_MOVE = YES;
				CLANG_WARN_UNGUARDED_AVAILABILITY = YES_AGGRESSIVE;
				CLANG_WARN_UNREACHABLE_CODE = YES;
				CLANG_WARN__DUPLICATE_METHOD_MATCH = YES;
				COPY_PHASE_STRIP = NO;
				DEBUG_INFORMATION_FORMAT = dwarf;
				ENABLE_STRICT_OBJC_MSGSEND = YES;
				ENABLE_TESTABILITY = YES;
				GCC_C_LANGUAGE_STANDARD = gnu11;
				GCC_DYNAMIC_NO_PIC = NO;
				GCC_NO_COMMON_BLOCKS = YES;
				GCC_OPTIMIZATION_LEVEL = 0;
				GCC_PREPROCESSOR_DEFINITIONS = (
					"DEBUG=1",
					"$(inherited)",
				);
				GCC_WARN_64_TO_32_BIT_CONVERSION = YES;
				GCC_WARN_ABOUT_RETURN_TYPE = YES_ERROR;
				GCC_WARN_UNDECLARED_SELECTOR = YES;
				GCC_WARN_UNINITIALIZED_AUTOS = YES_AGGRESSIVE;
				GCC_WARN_UNUSED_FUNCTION = YES;
				GCC_WARN_UNUSED_VARIABLE = YES;
				IPHONEOS_DEPLOYMENT_TARGET = 15.2;
				MTL_ENABLE_DEBUG_INFO = INCLUDE_SOURCE;
				MTL_FAST_MATH = YES;
				ONLY_ACTIVE_ARCH = YES;
				SDKROOT = iphoneos;
				SWIFT_ACTIVE_COMPILATION_CONDITIONS = DEBUG;
				SWIFT_OPTIMIZATION_LEVEL = "-Onone";
			};
			name = Debug;
		};
		8809CBF72916A28D0052B31E /* Release */ = {
			isa = XCBuildConfiguration;
			buildSettings = {
				ALWAYS_SEARCH_USER_PATHS = NO;
				CLANG_ANALYZER_NONNULL = YES;
				CLANG_ANALYZER_NUMBER_OBJECT_CONVERSION = YES_AGGRESSIVE;
				CLANG_CXX_LANGUAGE_STANDARD = "gnu++17";
				CLANG_CXX_LIBRARY = "libc++";
				CLANG_ENABLE_MODULES = YES;
				CLANG_ENABLE_OBJC_ARC = YES;
				CLANG_ENABLE_OBJC_WEAK = YES;
				CLANG_WARN_BLOCK_CAPTURE_AUTORELEASING = YES;
				CLANG_WARN_BOOL_CONVERSION = YES;
				CLANG_WARN_COMMA = YES;
				CLANG_WARN_CONSTANT_CONVERSION = YES;
				CLANG_WARN_DEPRECATED_OBJC_IMPLEMENTATIONS = YES;
				CLANG_WARN_DIRECT_OBJC_ISA_USAGE = YES_ERROR;
				CLANG_WARN_DOCUMENTATION_COMMENTS = YES;
				CLANG_WARN_EMPTY_BODY = YES;
				CLANG_WARN_ENUM_CONVERSION = YES;
				CLANG_WARN_INFINITE_RECURSION = YES;
				CLANG_WARN_INT_CONVERSION = YES;
				CLANG_WARN_NON_LITERAL_NULL_CONVERSION = YES;
				CLANG_WARN_OBJC_IMPLICIT_RETAIN_SELF = YES;
				CLANG_WARN_OBJC_LITERAL_CONVERSION = YES;
				CLANG_WARN_OBJC_ROOT_CLASS = YES_ERROR;
				CLANG_WARN_QUOTED_INCLUDE_IN_FRAMEWORK_HEADER = YES;
				CLANG_WARN_RANGE_LOOP_ANALYSIS = YES;
				CLANG_WARN_STRICT_PROTOTYPES = YES;
				CLANG_WARN_SUSPICIOUS_MOVE = YES;
				CLANG_WARN_UNGUARDED_AVAILABILITY = YES_AGGRESSIVE;
				CLANG_WARN_UNREACHABLE_CODE = YES;
				CLANG_WARN__DUPLICATE_METHOD_MATCH = YES;
				COPY_PHASE_STRIP = NO;
				DEBUG_INFORMATION_FORMAT = "dwarf-with-dsym";
				ENABLE_NS_ASSERTIONS = NO;
				ENABLE_STRICT_OBJC_MSGSEND = YES;
				GCC_C_LANGUAGE_STANDARD = gnu11;
				GCC_NO_COMMON_BLOCKS = YES;
				GCC_WARN_64_TO_32_BIT_CONVERSION = YES;
				GCC_WARN_ABOUT_RETURN_TYPE = YES_ERROR;
				GCC_WARN_UNDECLARED_SELECTOR = YES;
				GCC_WARN_UNINITIALIZED_AUTOS = YES_AGGRESSIVE;
				GCC_WARN_UNUSED_FUNCTION = YES;
				GCC_WARN_UNUSED_VARIABLE = YES;
				IPHONEOS_DEPLOYMENT_TARGET = 15.2;
				MTL_ENABLE_DEBUG_INFO = NO;
				MTL_FAST_MATH = YES;
				SDKROOT = iphoneos;
				SWIFT_COMPILATION_MODE = wholemodule;
				SWIFT_OPTIMIZATION_LEVEL = "-O";
				VALIDATE_PRODUCT = YES;
			};
			name = Release;
		};
		8809CBF92916A28D0052B31E /* Debug */ = {
			isa = XCBuildConfiguration;
			buildSettings = {
				ASSETCATALOG_COMPILER_APPICON_NAME = AppIcon;
				ASSETCATALOG_COMPILER_GLOBAL_ACCENT_COLOR_NAME = AccentColor;
				CLANG_ENABLE_MODULES = YES;
				CODE_SIGN_STYLE = Automatic;
				CURRENT_PROJECT_VERSION = 1;
				DEVELOPMENT_ASSET_PATHS = "\"Memorize/Preview Content\"";
				ENABLE_PREVIEWS = YES;
				GENERATE_INFOPLIST_FILE = YES;
				INFOPLIST_KEY_LSApplicationCategoryType = "";
				INFOPLIST_KEY_UIApplicationSceneManifest_Generation = YES;
				INFOPLIST_KEY_UIApplicationSupportsIndirectInputEvents = YES;
				INFOPLIST_KEY_UILaunchScreen_Generation = YES;
				INFOPLIST_KEY_UISupportedInterfaceOrientations_iPad = "UIInterfaceOrientationPortrait UIInterfaceOrientationPortraitUpsideDown UIInterfaceOrientationLandscapeLeft UIInterfaceOrientationLandscapeRight";
				INFOPLIST_KEY_UISupportedInterfaceOrientations_iPhone = "UIInterfaceOrientationPortrait UIInterfaceOrientationLandscapeLeft UIInterfaceOrientationLandscapeRight";
				LD_RUNPATH_SEARCH_PATHS = (
					"$(inherited)",
					"@executable_path/Frameworks",
				);
				MARKETING_VERSION = 1.0;
				PRODUCT_BUNDLE_IDENTIFIER = com.esprit.Memorize;
				PRODUCT_NAME = "$(TARGET_NAME)";
				SWIFT_EMIT_LOC_STRINGS = YES;
				SWIFT_OBJC_BRIDGING_HEADER = "Memorize/Login/ViewModels/Memorize-Bridging-Header.h";
				SWIFT_OPTIMIZATION_LEVEL = "-Onone";
				SWIFT_VERSION = 5.0;
				TARGETED_DEVICE_FAMILY = "1,2";
			};
			name = Debug;
		};
		8809CBFA2916A28D0052B31E /* Release */ = {
			isa = XCBuildConfiguration;
			buildSettings = {
				ASSETCATALOG_COMPILER_APPICON_NAME = AppIcon;
				ASSETCATALOG_COMPILER_GLOBAL_ACCENT_COLOR_NAME = AccentColor;
				CLANG_ENABLE_MODULES = YES;
				CODE_SIGN_STYLE = Automatic;
				CURRENT_PROJECT_VERSION = 1;
				DEVELOPMENT_ASSET_PATHS = "\"Memorize/Preview Content\"";
				ENABLE_PREVIEWS = YES;
				GENERATE_INFOPLIST_FILE = YES;
				INFOPLIST_KEY_LSApplicationCategoryType = "";
				INFOPLIST_KEY_UIApplicationSceneManifest_Generation = YES;
				INFOPLIST_KEY_UIApplicationSupportsIndirectInputEvents = YES;
				INFOPLIST_KEY_UILaunchScreen_Generation = YES;
				INFOPLIST_KEY_UISupportedInterfaceOrientations_iPad = "UIInterfaceOrientationPortrait UIInterfaceOrientationPortraitUpsideDown UIInterfaceOrientationLandscapeLeft UIInterfaceOrientationLandscapeRight";
				INFOPLIST_KEY_UISupportedInterfaceOrientations_iPhone = "UIInterfaceOrientationPortrait UIInterfaceOrientationLandscapeLeft UIInterfaceOrientationLandscapeRight";
				LD_RUNPATH_SEARCH_PATHS = (
					"$(inherited)",
					"@executable_path/Frameworks",
				);
				MARKETING_VERSION = 1.0;
				PRODUCT_BUNDLE_IDENTIFIER = com.esprit.Memorize;
				PRODUCT_NAME = "$(TARGET_NAME)";
				SWIFT_EMIT_LOC_STRINGS = YES;
				SWIFT_OBJC_BRIDGING_HEADER = "Memorize/Login/ViewModels/Memorize-Bridging-Header.h";
				SWIFT_VERSION = 5.0;
				TARGETED_DEVICE_FAMILY = "1,2";
			};
			name = Release;
		};
/* End XCBuildConfiguration section */

/* Begin XCConfigurationList section */
		8809CBE02916A28B0052B31E /* Build configuration list for PBXProject "Memorize" */ = {
			isa = XCConfigurationList;
			buildConfigurations = (
				8809CBF62916A28D0052B31E /* Debug */,
				8809CBF72916A28D0052B31E /* Release */,
			);
			defaultConfigurationIsVisible = 0;
			defaultConfigurationName = Release;
		};
		8809CBF82916A28D0052B31E /* Build configuration list for PBXNativeTarget "Memorize" */ = {
			isa = XCConfigurationList;
			buildConfigurations = (
				8809CBF92916A28D0052B31E /* Debug */,
				8809CBFA2916A28D0052B31E /* Release */,
			);
			defaultConfigurationIsVisible = 0;
			defaultConfigurationName = Release;
		};
/* End XCConfigurationList section */

/* Begin XCRemoteSwiftPackageReference section */
		B0A131702931609F00DC690F /* XCRemoteSwiftPackageReference "SDWebImageSwiftUI" */ = {
			isa = XCRemoteSwiftPackageReference;
			repositoryURL = "https://github.com/SDWebImage/SDWebImageSwiftUI.git";
			requirement = {
				kind = upToNextMajorVersion;
				minimumVersion = 2.0.0;
			};
		};
		B0A13173293161BC00DC690F /* XCRemoteSwiftPackageReference "SwiftyJSON" */ = {
			isa = XCRemoteSwiftPackageReference;
			repositoryURL = "https://github.com/SwiftyJSON/SwiftyJSON.git";
			requirement = {
				kind = upToNextMajorVersion;
				minimumVersion = 5.0.0;
			};
		};
		B0A56B682926D7C800A6B137 /* XCRemoteSwiftPackageReference "SwiftUIX" */ = {
			isa = XCRemoteSwiftPackageReference;
			repositoryURL = "https://github.com/SwiftUIX/SwiftUIX.git";
			requirement = {
				branch = master;
				kind = branch;
			};
		};
		B0A89CFC291FE2F600BB6BEF /* XCRemoteSwiftPackageReference "Alamofire" */ = {
			isa = XCRemoteSwiftPackageReference;
			repositoryURL = "https://github.com/Alamofire/Alamofire.git";
			requirement = {
				kind = upToNextMajorVersion;
				minimumVersion = 5.0.0;
			};
		};
		B0AB61492932B4290051A892 /* XCRemoteSwiftPackageReference "AlamofireImage" */ = {
			isa = XCRemoteSwiftPackageReference;
			repositoryURL = "https://github.com/Alamofire/AlamofireImage.git";
			requirement = {
				kind = upToNextMajorVersion;
				minimumVersion = 4.0.0;
			};
		};
/* End XCRemoteSwiftPackageReference section */

/* Begin XCSwiftPackageProductDependency section */
		B0A131712931609F00DC690F /* SDWebImageSwiftUI */ = {
			isa = XCSwiftPackageProductDependency;
			package = B0A131702931609F00DC690F /* XCRemoteSwiftPackageReference "SDWebImageSwiftUI" */;
			productName = SDWebImageSwiftUI;
		};
		B0A13174293161BC00DC690F /* SwiftyJSON */ = {
			isa = XCSwiftPackageProductDependency;
			package = B0A13173293161BC00DC690F /* XCRemoteSwiftPackageReference "SwiftyJSON" */;
			productName = SwiftyJSON;
		};
		B0A56B692926D7C800A6B137 /* SwiftUIX */ = {
			isa = XCSwiftPackageProductDependency;
			package = B0A56B682926D7C800A6B137 /* XCRemoteSwiftPackageReference "SwiftUIX" */;
			productName = SwiftUIX;
		};
		B0A89CFD291FE2F600BB6BEF /* Alamofire */ = {
			isa = XCSwiftPackageProductDependency;
			package = B0A89CFC291FE2F600BB6BEF /* XCRemoteSwiftPackageReference "Alamofire" */;
			productName = Alamofire;
		};
		B0AB614A2932B4290051A892 /* AlamofireImage */ = {
			isa = XCSwiftPackageProductDependency;
			package = B0AB61492932B4290051A892 /* XCRemoteSwiftPackageReference "AlamofireImage" */;
			productName = AlamofireImage;
		};
/* End XCSwiftPackageProductDependency section */

/* Begin XCVersionGroup section */
		8809CBF32916A28D0052B31E /* Memorize.xcdatamodeld */ = {
			isa = XCVersionGroup;
			children = (
				8809CBF42916A28D0052B31E /* Memorize.xcdatamodel */,
			);
			currentVersion = 8809CBF42916A28D0052B31E /* Memorize.xcdatamodel */;
			path = Memorize.xcdatamodeld;
			sourceTree = "<group>";
			versionGroupType = wrapper.xcdatamodel;
		};
/* End XCVersionGroup section */
	};
	rootObject = 8809CBDD2916A28B0052B31E /* Project object */;
}
